// !$*UTF8*$!
{
	archiveVersion = 1;
	classes = {
	};
	objectVersion = 46;
	objects = {

/* Begin PBXBuildFile section */
		B933C9971BC3BF0500B90787 /* CityController.m in Sources */ = {isa = PBXBuildFile; fileRef = B933C9951BC3BF0500B90787 /* CityController.m */; };
		B933C99B1BC3CA5000B90787 /* CityData.m in Sources */ = {isa = PBXBuildFile; fileRef = B933C99A1BC3CA5000B90787 /* CityData.m */; };
		B9753E0E1BC4B1AB00FC6931 /* MoviesData.m in Sources */ = {isa = PBXBuildFile; fileRef = B9753E0D1BC4B1AB00FC6931 /* MoviesData.m */; };
		B9753E121BC4B1D400FC6931 /* QXBModelTool.m in Sources */ = {isa = PBXBuildFile; fileRef = B9753E111BC4B1D400FC6931 /* QXBModelTool.m */; };
		B9753E151BC4B3BE00FC6931 /* MoviesViewController.m in Sources */ = {isa = PBXBuildFile; fileRef = B9753E141BC4B3BE00FC6931 /* MoviesViewController.m */; };
		B9753E181BC4B94C00FC6931 /* DealsData.m in Sources */ = {isa = PBXBuildFile; fileRef = B9753E171BC4B94C00FC6931 /* DealsData.m */; };
		B9753E1B1BC4BCA900FC6931 /* ShowmoiveTableViewController.m in Sources */ = {isa = PBXBuildFile; fileRef = B9753E1A1BC4BCA900FC6931 /* ShowmoiveTableViewController.m */; };
		B9753E271BC4C03900FC6931 /* SlideView.m in Sources */ = {isa = PBXBuildFile; fileRef = B9753E261BC4C03900FC6931 /* SlideView.m */; };
		B9753E2A1BC4C92000FC6931 /* SlideButton.m in Sources */ = {isa = PBXBuildFile; fileRef = B9753E291BC4C92000FC6931 /* SlideButton.m */; };
		B9753E2D1BC508E400FC6931 /* WillMovieViewController.m in Sources */ = {isa = PBXBuildFile; fileRef = B9753E2C1BC508E400FC6931 /* WillMovieViewController.m */; };
		B9753E331BC5096100FC6931 /* TopMovieViewController.m in Sources */ = {isa = PBXBuildFile; fileRef = B9753E321BC5096100FC6931 /* TopMovieViewController.m */; };
		B9753E371BC520A700FC6931 /* ShowMovieCell.m in Sources */ = {isa = PBXBuildFile; fileRef = B9753E351BC520A700FC6931 /* ShowMovieCell.m */; };
		B9753E381BC520A700FC6931 /* ShowMovieCell.xib in Resources */ = {isa = PBXBuildFile; fileRef = B9753E361BC520A700FC6931 /* ShowMovieCell.xib */; };
		B9753E3E1BC5451200FC6931 /* CinemaController.m in Sources */ = {isa = PBXBuildFile; fileRef = B9753E3D1BC5451200FC6931 /* CinemaController.m */; };
		B985F06C1BC355A700B1E2AF /* HY_XXT.xcdatamodeld in Sources */ = {isa = PBXBuildFile; fileRef = B985F06A1BC355A700B1E2AF /* HY_XXT.xcdatamodeld */; };
		B985F0721BC355A700B1E2AF /* Main.storyboard in Resources */ = {isa = PBXBuildFile; fileRef = B985F0701BC355A700B1E2AF /* Main.storyboard */; };
		B985F0741BC355A700B1E2AF /* Images.xcassets in Resources */ = {isa = PBXBuildFile; fileRef = B985F0731BC355A700B1E2AF /* Images.xcassets */; };
		B985F0771BC355A700B1E2AF /* LaunchScreen.xib in Resources */ = {isa = PBXBuildFile; fileRef = B985F0751BC355A700B1E2AF /* LaunchScreen.xib */; };
		B985F0831BC355A700B1E2AF /* HY_XXTTests.m in Sources */ = {isa = PBXBuildFile; fileRef = B985F0821BC355A700B1E2AF /* HY_XXTTests.m */; };
		B985F0A51BC355D500B1E2AF /* AppDelegate.m in Sources */ = {isa = PBXBuildFile; fileRef = B985F0A31BC355D500B1E2AF /* AppDelegate.m */; };
		B985F0A61BC355D500B1E2AF /* main.m in Sources */ = {isa = PBXBuildFile; fileRef = B985F0A41BC355D500B1E2AF /* main.m */; };
		B985F0A91BC35D2900B1E2AF /* ActivityController.m in Sources */ = {isa = PBXBuildFile; fileRef = B985F0A81BC35D2900B1E2AF /* ActivityController.m */; };
		B985F0AC1BC35D3B00B1E2AF /* FinderController.m in Sources */ = {isa = PBXBuildFile; fileRef = B985F0AB1BC35D3B00B1E2AF /* FinderController.m */; };
		B985F0BB1BC36D0A00B1E2AF /* CalenderController.m in Sources */ = {isa = PBXBuildFile; fileRef = B985F0BA1BC36D0A00B1E2AF /* CalenderController.m */; };
		B9D03B041BC3588100DCDEB8 /* RootViewController.m in Sources */ = {isa = PBXBuildFile; fileRef = B9D03B031BC3588100DCDEB8 /* RootViewController.m */; };
		B9D03B071BC358F100DCDEB8 /* HYTabBarButton.m in Sources */ = {isa = PBXBuildFile; fileRef = B9D03B061BC358F100DCDEB8 /* HYTabBarButton.m */; };
		B9D03B0A1BC3591200DCDEB8 /* HYTabBar.m in Sources */ = {isa = PBXBuildFile; fileRef = B9D03B091BC3591200DCDEB8 /* HYTabBar.m */; };
		B9E270C01BC3A049007372FE /* Security.framework in Frameworks */ = {isa = PBXBuildFile; fileRef = B9E270BF1BC3A049007372FE /* Security.framework */; };
		B9E270C21BC3A052007372FE /* MobileCoreServices.framework in Frameworks */ = {isa = PBXBuildFile; fileRef = B9E270C11BC3A052007372FE /* MobileCoreServices.framework */; };
		B9E270C41BC3A05B007372FE /* SystemConfiguration.framework in Frameworks */ = {isa = PBXBuildFile; fileRef = B9E270C31BC3A05B007372FE /* SystemConfiguration.framework */; };
		B9E270DD1BC3A58E007372FE /* AFHTTPRequestOperation.m in Sources */ = {isa = PBXBuildFile; fileRef = B9E270CB1BC3A58E007372FE /* AFHTTPRequestOperation.m */; };
		B9E270DE1BC3A58E007372FE /* AFHTTPRequestOperationManager.m in Sources */ = {isa = PBXBuildFile; fileRef = B9E270CD1BC3A58E007372FE /* AFHTTPRequestOperationManager.m */; };
		B9E270DF1BC3A58E007372FE /* AFHTTPSessionManager.m in Sources */ = {isa = PBXBuildFile; fileRef = B9E270CF1BC3A58E007372FE /* AFHTTPSessionManager.m */; };
		B9E270E01BC3A58E007372FE /* AFNetworkReachabilityManager.m in Sources */ = {isa = PBXBuildFile; fileRef = B9E270D21BC3A58E007372FE /* AFNetworkReachabilityManager.m */; };
		B9E270E11BC3A58E007372FE /* AFSecurityPolicy.m in Sources */ = {isa = PBXBuildFile; fileRef = B9E270D41BC3A58E007372FE /* AFSecurityPolicy.m */; };
		B9E270E21BC3A58E007372FE /* AFURLConnectionOperation.m in Sources */ = {isa = PBXBuildFile; fileRef = B9E270D61BC3A58E007372FE /* AFURLConnectionOperation.m */; };
		B9E270E31BC3A58E007372FE /* AFURLRequestSerialization.m in Sources */ = {isa = PBXBuildFile; fileRef = B9E270D81BC3A58E007372FE /* AFURLRequestSerialization.m */; };
		B9E270E41BC3A58E007372FE /* AFURLResponseSerialization.m in Sources */ = {isa = PBXBuildFile; fileRef = B9E270DA1BC3A58E007372FE /* AFURLResponseSerialization.m */; };
		B9E270E51BC3A58E007372FE /* AFURLSessionManager.m in Sources */ = {isa = PBXBuildFile; fileRef = B9E270DC1BC3A58E007372FE /* AFURLSessionManager.m */; };
		B9E270E81BC3A5B2007372FE /* AFNReuest.m in Sources */ = {isa = PBXBuildFile; fileRef = B9E270E71BC3A5B2007372FE /* AFNReuest.m */; };
		E6650E121BC5741200692A94 /* playinfo.json in Resources */ = {isa = PBXBuildFile; fileRef = E6650E041BC5741200692A94 /* playinfo.json */; };
		E6650E131BC5741200692A94 /* area.xml in Resources */ = {isa = PBXBuildFile; fileRef = E6650E051BC5741200692A94 /* area.xml */; };
		E6650E141BC5741200692A94 /* 发现-活动.xml in Resources */ = {isa = PBXBuildFile; fileRef = E6650E061BC5741200692A94 /* 发现-活动.xml */; };
		E6650E151BC5741200692A94 /* 发现-电影.xml in Resources */ = {isa = PBXBuildFile; fileRef = E6650E071BC5741200692A94 /* 发现-电影.xml */; };
		E6650E161BC5741200692A94 /* subway.xml in Resources */ = {isa = PBXBuildFile; fileRef = E6650E081BC5741200692A94 /* subway.xml */; };
		E6650E171BC5741200692A94 /* city.xml in Resources */ = {isa = PBXBuildFile; fileRef = E6650E091BC5741200692A94 /* city.xml */; };
		E6650E181BC5741200692A94 /* 影效.json in Resources */ = {isa = PBXBuildFile; fileRef = E6650E0A1BC5741200692A94 /* 影效.json */; };
		E6650E191BC5741200692A94 /* 活动-活动.xml in Resources */ = {isa = PBXBuildFile; fileRef = E6650E0B1BC5741200692A94 /* 活动-活动.xml */; };
		E6650E1A1BC5741200692A94 /* 活动-轮播.xml in Resources */ = {isa = PBXBuildFile; fileRef = E6650E0C1BC5741200692A94 /* 活动-轮播.xml */; };
		E6650E1B1BC5741200692A94 /* 购票-即将上映.xml in Resources */ = {isa = PBXBuildFile; fileRef = E6650E0D1BC5741200692A94 /* 购票-即将上映.xml */; };
		E6650E1C1BC5741200692A94 /* 购票-影院.xml in Resources */ = {isa = PBXBuildFile; fileRef = E6650E0E1BC5741200692A94 /* 购票-影院.xml */; };
		E6650E1D1BC5741200692A94 /* 购票-排行.xml in Resources */ = {isa = PBXBuildFile; fileRef = E6650E0F1BC5741200692A94 /* 购票-排行.xml */; };
		E6650E1E1BC5741200692A94 /* 购票-热映.xml in Resources */ = {isa = PBXBuildFile; fileRef = E6650E101BC5741200692A94 /* 购票-热映.xml */; };
		E6650E1F1BC5741200692A94 /* 音效.xml in Resources */ = {isa = PBXBuildFile; fileRef = E6650E111BC5741200692A94 /* 音效.xml */; };
		E676A0611BC582740078713F /* DropDownMenuView.m in Sources */ = {isa = PBXBuildFile; fileRef = E676A0601BC582740078713F /* DropDownMenuView.m */; };
		E676A0641BC5868B0078713F /* DropButton.m in Sources */ = {isa = PBXBuildFile; fileRef = E676A0631BC5868B0078713F /* DropButton.m */; };
/* End PBXBuildFile section */

/* Begin PBXContainerItemProxy section */
		B985F07D1BC355A700B1E2AF /* PBXContainerItemProxy */ = {
			isa = PBXContainerItemProxy;
			containerPortal = B985F0581BC355A700B1E2AF /* Project object */;
			proxyType = 1;
			remoteGlobalIDString = B985F05F1BC355A700B1E2AF;
			remoteInfo = HY_XXT;
		};
/* End PBXContainerItemProxy section */

/* Begin PBXFileReference section */
		B933C9941BC3BF0500B90787 /* CityController.h */ = {isa = PBXFileReference; fileEncoding = 4; lastKnownFileType = sourcecode.c.h; path = CityController.h; sourceTree = "<group>"; };
		B933C9951BC3BF0500B90787 /* CityController.m */ = {isa = PBXFileReference; fileEncoding = 4; lastKnownFileType = sourcecode.c.objc; path = CityController.m; sourceTree = "<group>"; };
		B933C9991BC3CA5000B90787 /* CityData.h */ = {isa = PBXFileReference; fileEncoding = 4; lastKnownFileType = sourcecode.c.h; path = CityData.h; sourceTree = "<group>"; };
		B933C99A1BC3CA5000B90787 /* CityData.m */ = {isa = PBXFileReference; fileEncoding = 4; lastKnownFileType = sourcecode.c.objc; path = CityData.m; sourceTree = "<group>"; };
		B9753E0C1BC4B1AB00FC6931 /* MoviesData.h */ = {isa = PBXFileReference; fileEncoding = 4; lastKnownFileType = sourcecode.c.h; path = MoviesData.h; sourceTree = "<group>"; };
		B9753E0D1BC4B1AB00FC6931 /* MoviesData.m */ = {isa = PBXFileReference; fileEncoding = 4; lastKnownFileType = sourcecode.c.objc; path = MoviesData.m; sourceTree = "<group>"; };
		B9753E101BC4B1D400FC6931 /* QXBModelTool.h */ = {isa = PBXFileReference; fileEncoding = 4; lastKnownFileType = sourcecode.c.h; path = QXBModelTool.h; sourceTree = "<group>"; };
		B9753E111BC4B1D400FC6931 /* QXBModelTool.m */ = {isa = PBXFileReference; fileEncoding = 4; lastKnownFileType = sourcecode.c.objc; path = QXBModelTool.m; sourceTree = "<group>"; };
		B9753E131BC4B3BE00FC6931 /* MoviesViewController.h */ = {isa = PBXFileReference; fileEncoding = 4; lastKnownFileType = sourcecode.c.h; path = MoviesViewController.h; sourceTree = "<group>"; };
		B9753E141BC4B3BE00FC6931 /* MoviesViewController.m */ = {isa = PBXFileReference; fileEncoding = 4; lastKnownFileType = sourcecode.c.objc; path = MoviesViewController.m; sourceTree = "<group>"; };
		B9753E161BC4B94C00FC6931 /* DealsData.h */ = {isa = PBXFileReference; fileEncoding = 4; lastKnownFileType = sourcecode.c.h; path = DealsData.h; sourceTree = "<group>"; };
		B9753E171BC4B94C00FC6931 /* DealsData.m */ = {isa = PBXFileReference; fileEncoding = 4; lastKnownFileType = sourcecode.c.objc; path = DealsData.m; sourceTree = "<group>"; };
		B9753E191BC4BCA900FC6931 /* ShowmoiveTableViewController.h */ = {isa = PBXFileReference; fileEncoding = 4; lastKnownFileType = sourcecode.c.h; path = ShowmoiveTableViewController.h; sourceTree = "<group>"; };
		B9753E1A1BC4BCA900FC6931 /* ShowmoiveTableViewController.m */ = {isa = PBXFileReference; fileEncoding = 4; lastKnownFileType = sourcecode.c.objc; path = ShowmoiveTableViewController.m; sourceTree = "<group>"; };
		B9753E251BC4C03900FC6931 /* SlideView.h */ = {isa = PBXFileReference; fileEncoding = 4; lastKnownFileType = sourcecode.c.h; path = SlideView.h; sourceTree = "<group>"; };
		B9753E261BC4C03900FC6931 /* SlideView.m */ = {isa = PBXFileReference; fileEncoding = 4; lastKnownFileType = sourcecode.c.objc; path = SlideView.m; sourceTree = "<group>"; };
		B9753E281BC4C92000FC6931 /* SlideButton.h */ = {isa = PBXFileReference; fileEncoding = 4; lastKnownFileType = sourcecode.c.h; path = SlideButton.h; sourceTree = "<group>"; };
		B9753E291BC4C92000FC6931 /* SlideButton.m */ = {isa = PBXFileReference; fileEncoding = 4; lastKnownFileType = sourcecode.c.objc; path = SlideButton.m; sourceTree = "<group>"; };
		B9753E2B1BC508E400FC6931 /* WillMovieViewController.h */ = {isa = PBXFileReference; fileEncoding = 4; lastKnownFileType = sourcecode.c.h; path = WillMovieViewController.h; sourceTree = "<group>"; };
		B9753E2C1BC508E400FC6931 /* WillMovieViewController.m */ = {isa = PBXFileReference; fileEncoding = 4; lastKnownFileType = sourcecode.c.objc; path = WillMovieViewController.m; sourceTree = "<group>"; };
		B9753E311BC5096100FC6931 /* TopMovieViewController.h */ = {isa = PBXFileReference; fileEncoding = 4; lastKnownFileType = sourcecode.c.h; path = TopMovieViewController.h; sourceTree = "<group>"; };
		B9753E321BC5096100FC6931 /* TopMovieViewController.m */ = {isa = PBXFileReference; fileEncoding = 4; lastKnownFileType = sourcecode.c.objc; path = TopMovieViewController.m; sourceTree = "<group>"; };
		B9753E341BC520A700FC6931 /* ShowMovieCell.h */ = {isa = PBXFileReference; fileEncoding = 4; lastKnownFileType = sourcecode.c.h; path = ShowMovieCell.h; sourceTree = "<group>"; };
		B9753E351BC520A700FC6931 /* ShowMovieCell.m */ = {isa = PBXFileReference; fileEncoding = 4; lastKnownFileType = sourcecode.c.objc; path = ShowMovieCell.m; sourceTree = "<group>"; };
		B9753E361BC520A700FC6931 /* ShowMovieCell.xib */ = {isa = PBXFileReference; fileEncoding = 4; lastKnownFileType = file.xib; path = ShowMovieCell.xib; sourceTree = "<group>"; };
		B9753E3C1BC5451200FC6931 /* CinemaController.h */ = {isa = PBXFileReference; fileEncoding = 4; lastKnownFileType = sourcecode.c.h; path = CinemaController.h; sourceTree = "<group>"; };
		B9753E3D1BC5451200FC6931 /* CinemaController.m */ = {isa = PBXFileReference; fileEncoding = 4; lastKnownFileType = sourcecode.c.objc; path = CinemaController.m; sourceTree = "<group>"; };
		B985F0601BC355A700B1E2AF /* HY_XXT.app */ = {isa = PBXFileReference; explicitFileType = wrapper.application; includeInIndex = 0; path = HY_XXT.app; sourceTree = BUILT_PRODUCTS_DIR; };
		B985F0641BC355A700B1E2AF /* Info.plist */ = {isa = PBXFileReference; lastKnownFileType = text.plist.xml; path = Info.plist; sourceTree = "<group>"; };
		B985F06B1BC355A700B1E2AF /* HY_XXT.xcdatamodel */ = {isa = PBXFileReference; lastKnownFileType = wrapper.xcdatamodel; path = HY_XXT.xcdatamodel; sourceTree = "<group>"; };
		B985F0711BC355A700B1E2AF /* Base */ = {isa = PBXFileReference; lastKnownFileType = file.storyboard; name = Base; path = Base.lproj/Main.storyboard; sourceTree = "<group>"; };
		B985F0731BC355A700B1E2AF /* Images.xcassets */ = {isa = PBXFileReference; lastKnownFileType = folder.assetcatalog; path = Images.xcassets; sourceTree = "<group>"; };
		B985F0761BC355A700B1E2AF /* Base */ = {isa = PBXFileReference; lastKnownFileType = file.xib; name = Base; path = Base.lproj/LaunchScreen.xib; sourceTree = "<group>"; };
		B985F07C1BC355A700B1E2AF /* HY_XXTTests.xctest */ = {isa = PBXFileReference; explicitFileType = wrapper.cfbundle; includeInIndex = 0; path = HY_XXTTests.xctest; sourceTree = BUILT_PRODUCTS_DIR; };
		B985F0811BC355A700B1E2AF /* Info.plist */ = {isa = PBXFileReference; lastKnownFileType = text.plist.xml; path = Info.plist; sourceTree = "<group>"; };
		B985F0821BC355A700B1E2AF /* HY_XXTTests.m */ = {isa = PBXFileReference; lastKnownFileType = sourcecode.c.objc; path = HY_XXTTests.m; sourceTree = "<group>"; };
		B985F0A21BC355D500B1E2AF /* AppDelegate.h */ = {isa = PBXFileReference; fileEncoding = 4; lastKnownFileType = sourcecode.c.h; path = AppDelegate.h; sourceTree = "<group>"; };
		B985F0A31BC355D500B1E2AF /* AppDelegate.m */ = {isa = PBXFileReference; fileEncoding = 4; lastKnownFileType = sourcecode.c.objc; path = AppDelegate.m; sourceTree = "<group>"; };
		B985F0A41BC355D500B1E2AF /* main.m */ = {isa = PBXFileReference; fileEncoding = 4; lastKnownFileType = sourcecode.c.objc; path = main.m; sourceTree = "<group>"; };
		B985F0A71BC35D2900B1E2AF /* ActivityController.h */ = {isa = PBXFileReference; fileEncoding = 4; lastKnownFileType = sourcecode.c.h; path = ActivityController.h; sourceTree = "<group>"; };
		B985F0A81BC35D2900B1E2AF /* ActivityController.m */ = {isa = PBXFileReference; fileEncoding = 4; lastKnownFileType = sourcecode.c.objc; path = ActivityController.m; sourceTree = "<group>"; };
		B985F0AA1BC35D3B00B1E2AF /* FinderController.h */ = {isa = PBXFileReference; fileEncoding = 4; lastKnownFileType = sourcecode.c.h; path = FinderController.h; sourceTree = "<group>"; };
		B985F0AB1BC35D3B00B1E2AF /* FinderController.m */ = {isa = PBXFileReference; fileEncoding = 4; lastKnownFileType = sourcecode.c.objc; path = FinderController.m; sourceTree = "<group>"; };
		B985F0B91BC36D0A00B1E2AF /* CalenderController.h */ = {isa = PBXFileReference; fileEncoding = 4; lastKnownFileType = sourcecode.c.h; path = CalenderController.h; sourceTree = "<group>"; };
		B985F0BA1BC36D0A00B1E2AF /* CalenderController.m */ = {isa = PBXFileReference; fileEncoding = 4; lastKnownFileType = sourcecode.c.objc; path = CalenderController.m; sourceTree = "<group>"; };
		B9D03B021BC3588100DCDEB8 /* RootViewController.h */ = {isa = PBXFileReference; fileEncoding = 4; lastKnownFileType = sourcecode.c.h; path = RootViewController.h; sourceTree = "<group>"; };
		B9D03B031BC3588100DCDEB8 /* RootViewController.m */ = {isa = PBXFileReference; fileEncoding = 4; lastKnownFileType = sourcecode.c.objc; path = RootViewController.m; sourceTree = "<group>"; };
		B9D03B051BC358F100DCDEB8 /* HYTabBarButton.h */ = {isa = PBXFileReference; fileEncoding = 4; lastKnownFileType = sourcecode.c.h; path = HYTabBarButton.h; sourceTree = "<group>"; };
		B9D03B061BC358F100DCDEB8 /* HYTabBarButton.m */ = {isa = PBXFileReference; fileEncoding = 4; lastKnownFileType = sourcecode.c.objc; path = HYTabBarButton.m; sourceTree = "<group>"; };
		B9D03B081BC3591200DCDEB8 /* HYTabBar.h */ = {isa = PBXFileReference; fileEncoding = 4; lastKnownFileType = sourcecode.c.h; path = HYTabBar.h; sourceTree = "<group>"; };
		B9D03B091BC3591200DCDEB8 /* HYTabBar.m */ = {isa = PBXFileReference; fileEncoding = 4; lastKnownFileType = sourcecode.c.objc; path = HYTabBar.m; sourceTree = "<group>"; };
		B9E270BF1BC3A049007372FE /* Security.framework */ = {isa = PBXFileReference; lastKnownFileType = wrapper.framework; name = Security.framework; path = System/Library/Frameworks/Security.framework; sourceTree = SDKROOT; };
		B9E270C11BC3A052007372FE /* MobileCoreServices.framework */ = {isa = PBXFileReference; lastKnownFileType = wrapper.framework; name = MobileCoreServices.framework; path = System/Library/Frameworks/MobileCoreServices.framework; sourceTree = SDKROOT; };
		B9E270C31BC3A05B007372FE /* SystemConfiguration.framework */ = {isa = PBXFileReference; lastKnownFileType = wrapper.framework; name = SystemConfiguration.framework; path = System/Library/Frameworks/SystemConfiguration.framework; sourceTree = SDKROOT; };
		B9E270C61BC3A2E0007372FE /* HYPrefixHeader.pch */ = {isa = PBXFileReference; lastKnownFileType = sourcecode.c.h; name = HYPrefixHeader.pch; path = Classes/HYPrefixHeader.pch; sourceTree = "<group>"; };
		B9E270CA1BC3A58E007372FE /* AFHTTPRequestOperation.h */ = {isa = PBXFileReference; fileEncoding = 4; lastKnownFileType = sourcecode.c.h; path = AFHTTPRequestOperation.h; sourceTree = "<group>"; };
		B9E270CB1BC3A58E007372FE /* AFHTTPRequestOperation.m */ = {isa = PBXFileReference; fileEncoding = 4; lastKnownFileType = sourcecode.c.objc; path = AFHTTPRequestOperation.m; sourceTree = "<group>"; };
		B9E270CC1BC3A58E007372FE /* AFHTTPRequestOperationManager.h */ = {isa = PBXFileReference; fileEncoding = 4; lastKnownFileType = sourcecode.c.h; path = AFHTTPRequestOperationManager.h; sourceTree = "<group>"; };
		B9E270CD1BC3A58E007372FE /* AFHTTPRequestOperationManager.m */ = {isa = PBXFileReference; fileEncoding = 4; lastKnownFileType = sourcecode.c.objc; path = AFHTTPRequestOperationManager.m; sourceTree = "<group>"; };
		B9E270CE1BC3A58E007372FE /* AFHTTPSessionManager.h */ = {isa = PBXFileReference; fileEncoding = 4; lastKnownFileType = sourcecode.c.h; path = AFHTTPSessionManager.h; sourceTree = "<group>"; };
		B9E270CF1BC3A58E007372FE /* AFHTTPSessionManager.m */ = {isa = PBXFileReference; fileEncoding = 4; lastKnownFileType = sourcecode.c.objc; path = AFHTTPSessionManager.m; sourceTree = "<group>"; };
		B9E270D01BC3A58E007372FE /* AFNetworking.h */ = {isa = PBXFileReference; fileEncoding = 4; lastKnownFileType = sourcecode.c.h; path = AFNetworking.h; sourceTree = "<group>"; };
		B9E270D11BC3A58E007372FE /* AFNetworkReachabilityManager.h */ = {isa = PBXFileReference; fileEncoding = 4; lastKnownFileType = sourcecode.c.h; path = AFNetworkReachabilityManager.h; sourceTree = "<group>"; };
		B9E270D21BC3A58E007372FE /* AFNetworkReachabilityManager.m */ = {isa = PBXFileReference; fileEncoding = 4; lastKnownFileType = sourcecode.c.objc; path = AFNetworkReachabilityManager.m; sourceTree = "<group>"; };
		B9E270D31BC3A58E007372FE /* AFSecurityPolicy.h */ = {isa = PBXFileReference; fileEncoding = 4; lastKnownFileType = sourcecode.c.h; path = AFSecurityPolicy.h; sourceTree = "<group>"; };
		B9E270D41BC3A58E007372FE /* AFSecurityPolicy.m */ = {isa = PBXFileReference; fileEncoding = 4; lastKnownFileType = sourcecode.c.objc; path = AFSecurityPolicy.m; sourceTree = "<group>"; };
		B9E270D51BC3A58E007372FE /* AFURLConnectionOperation.h */ = {isa = PBXFileReference; fileEncoding = 4; lastKnownFileType = sourcecode.c.h; path = AFURLConnectionOperation.h; sourceTree = "<group>"; };
		B9E270D61BC3A58E007372FE /* AFURLConnectionOperation.m */ = {isa = PBXFileReference; fileEncoding = 4; lastKnownFileType = sourcecode.c.objc; path = AFURLConnectionOperation.m; sourceTree = "<group>"; };
		B9E270D71BC3A58E007372FE /* AFURLRequestSerialization.h */ = {isa = PBXFileReference; fileEncoding = 4; lastKnownFileType = sourcecode.c.h; path = AFURLRequestSerialization.h; sourceTree = "<group>"; };
		B9E270D81BC3A58E007372FE /* AFURLRequestSerialization.m */ = {isa = PBXFileReference; fileEncoding = 4; lastKnownFileType = sourcecode.c.objc; path = AFURLRequestSerialization.m; sourceTree = "<group>"; };
		B9E270D91BC3A58E007372FE /* AFURLResponseSerialization.h */ = {isa = PBXFileReference; fileEncoding = 4; lastKnownFileType = sourcecode.c.h; path = AFURLResponseSerialization.h; sourceTree = "<group>"; };
		B9E270DA1BC3A58E007372FE /* AFURLResponseSerialization.m */ = {isa = PBXFileReference; fileEncoding = 4; lastKnownFileType = sourcecode.c.objc; path = AFURLResponseSerialization.m; sourceTree = "<group>"; };
		B9E270DB1BC3A58E007372FE /* AFURLSessionManager.h */ = {isa = PBXFileReference; fileEncoding = 4; lastKnownFileType = sourcecode.c.h; path = AFURLSessionManager.h; sourceTree = "<group>"; };
		B9E270DC1BC3A58E007372FE /* AFURLSessionManager.m */ = {isa = PBXFileReference; fileEncoding = 4; lastKnownFileType = sourcecode.c.objc; path = AFURLSessionManager.m; sourceTree = "<group>"; };
		B9E270E61BC3A5B2007372FE /* AFNReuest.h */ = {isa = PBXFileReference; fileEncoding = 4; lastKnownFileType = sourcecode.c.h; path = AFNReuest.h; sourceTree = "<group>"; };
		B9E270E71BC3A5B2007372FE /* AFNReuest.m */ = {isa = PBXFileReference; fileEncoding = 4; lastKnownFileType = sourcecode.c.objc; path = AFNReuest.m; sourceTree = "<group>"; };
		E6650E041BC5741200692A94 /* playinfo.json */ = {isa = PBXFileReference; fileEncoding = 4; lastKnownFileType = text.json; path = playinfo.json; sourceTree = "<group>"; };
		E6650E051BC5741200692A94 /* area.xml */ = {isa = PBXFileReference; fileEncoding = 4; lastKnownFileType = text.xml; path = area.xml; sourceTree = "<group>"; };
		E6650E061BC5741200692A94 /* 发现-活动.xml */ = {isa = PBXFileReference; fileEncoding = 4; lastKnownFileType = text.xml; path = "发现-活动.xml"; sourceTree = "<group>"; };
		E6650E071BC5741200692A94 /* 发现-电影.xml */ = {isa = PBXFileReference; fileEncoding = 4; lastKnownFileType = text.xml; path = "发现-电影.xml"; sourceTree = "<group>"; };
		E6650E081BC5741200692A94 /* subway.xml */ = {isa = PBXFileReference; fileEncoding = 4; lastKnownFileType = text.xml; path = subway.xml; sourceTree = "<group>"; };
		E6650E091BC5741200692A94 /* city.xml */ = {isa = PBXFileReference; fileEncoding = 4; lastKnownFileType = text.xml; path = city.xml; sourceTree = "<group>"; };
		E6650E0A1BC5741200692A94 /* 影效.json */ = {isa = PBXFileReference; fileEncoding = 4; lastKnownFileType = text.json; path = "影效.json"; sourceTree = "<group>"; };
		E6650E0B1BC5741200692A94 /* 活动-活动.xml */ = {isa = PBXFileReference; fileEncoding = 4; lastKnownFileType = text.xml; path = "活动-活动.xml"; sourceTree = "<group>"; };
		E6650E0C1BC5741200692A94 /* 活动-轮播.xml */ = {isa = PBXFileReference; fileEncoding = 4; lastKnownFileType = text.xml; path = "活动-轮播.xml"; sourceTree = "<group>"; };
		E6650E0D1BC5741200692A94 /* 购票-即将上映.xml */ = {isa = PBXFileReference; fileEncoding = 4; lastKnownFileType = text.xml; path = "购票-即将上映.xml"; sourceTree = "<group>"; };
		E6650E0E1BC5741200692A94 /* 购票-影院.xml */ = {isa = PBXFileReference; fileEncoding = 4; lastKnownFileType = text.xml; path = "购票-影院.xml"; sourceTree = "<group>"; };
		E6650E0F1BC5741200692A94 /* 购票-排行.xml */ = {isa = PBXFileReference; fileEncoding = 4; lastKnownFileType = text.xml; path = "购票-排行.xml"; sourceTree = "<group>"; };
		E6650E101BC5741200692A94 /* 购票-热映.xml */ = {isa = PBXFileReference; fileEncoding = 4; lastKnownFileType = text.xml; path = "购票-热映.xml"; sourceTree = "<group>"; };
		E6650E111BC5741200692A94 /* 音效.xml */ = {isa = PBXFileReference; fileEncoding = 4; lastKnownFileType = text.xml; path = "音效.xml"; sourceTree = "<group>"; };
		E676A05F1BC582740078713F /* DropDownMenuView.h */ = {isa = PBXFileReference; fileEncoding = 4; lastKnownFileType = sourcecode.c.h; path = DropDownMenuView.h; sourceTree = "<group>"; };
		E676A0601BC582740078713F /* DropDownMenuView.m */ = {isa = PBXFileReference; fileEncoding = 4; lastKnownFileType = sourcecode.c.objc; path = DropDownMenuView.m; sourceTree = "<group>"; };
		E676A0621BC5868B0078713F /* DropButton.h */ = {isa = PBXFileReference; fileEncoding = 4; lastKnownFileType = sourcecode.c.h; path = DropButton.h; sourceTree = "<group>"; };
		E676A0631BC5868B0078713F /* DropButton.m */ = {isa = PBXFileReference; fileEncoding = 4; lastKnownFileType = sourcecode.c.objc; path = DropButton.m; sourceTree = "<group>"; };
/* End PBXFileReference section */

/* Begin PBXFrameworksBuildPhase section */
		B985F05D1BC355A700B1E2AF /* Frameworks */ = {
			isa = PBXFrameworksBuildPhase;
			buildActionMask = 2147483647;
			files = (
				B9E270C41BC3A05B007372FE /* SystemConfiguration.framework in Frameworks */,
				B9E270C21BC3A052007372FE /* MobileCoreServices.framework in Frameworks */,
				B9E270C01BC3A049007372FE /* Security.framework in Frameworks */,
			);
			runOnlyForDeploymentPostprocessing = 0;
		};
		B985F0791BC355A700B1E2AF /* Frameworks */ = {
			isa = PBXFrameworksBuildPhase;
			buildActionMask = 2147483647;
			files = (
			);
			runOnlyForDeploymentPostprocessing = 0;
		};
/* End PBXFrameworksBuildPhase section */

/* Begin PBXGroup section */
		B9753E0F1BC4B1D400FC6931 /* QXBModelTool */ = {
			isa = PBXGroup;
			children = (
				B9753E101BC4B1D400FC6931 /* QXBModelTool.h */,
				B9753E111BC4B1D400FC6931 /* QXBModelTool.m */,
			);
			path = QXBModelTool;
			sourceTree = "<group>";
		};
		B985F0571BC355A700B1E2AF = {
			isa = PBXGroup;
			children = (
				B9E270C31BC3A05B007372FE /* SystemConfiguration.framework */,
				B9E270C11BC3A052007372FE /* MobileCoreServices.framework */,
				B9E270BF1BC3A049007372FE /* Security.framework */,
				B985F0621BC355A700B1E2AF /* HY_XXT */,
				B985F07F1BC355A700B1E2AF /* HY_XXTTests */,
				B985F0611BC355A700B1E2AF /* Products */,
			);
			sourceTree = "<group>";
		};
		B985F0611BC355A700B1E2AF /* Products */ = {
			isa = PBXGroup;
			children = (
				B985F0601BC355A700B1E2AF /* HY_XXT.app */,
				B985F07C1BC355A700B1E2AF /* HY_XXTTests.xctest */,
			);
			name = Products;
			sourceTree = "<group>";
		};
		B985F0621BC355A700B1E2AF /* HY_XXT */ = {
			isa = PBXGroup;
			children = (
				B985F08C1BC355BB00B1E2AF /* Classes */,
				B9E270C61BC3A2E0007372FE /* HYPrefixHeader.pch */,
				B985F0701BC355A700B1E2AF /* Main.storyboard */,
				B985F0731BC355A700B1E2AF /* Images.xcassets */,
				B985F0751BC355A700B1E2AF /* LaunchScreen.xib */,
				B985F06A1BC355A700B1E2AF /* HY_XXT.xcdatamodeld */,
				B985F0631BC355A700B1E2AF /* Supporting Files */,
			);
			path = HY_XXT;
			sourceTree = "<group>";
		};
		B985F0631BC355A700B1E2AF /* Supporting Files */ = {
			isa = PBXGroup;
			children = (
				B985F0641BC355A700B1E2AF /* Info.plist */,
			);
			name = "Supporting Files";
			sourceTree = "<group>";
		};
		B985F07F1BC355A700B1E2AF /* HY_XXTTests */ = {
			isa = PBXGroup;
			children = (
				B985F0821BC355A700B1E2AF /* HY_XXTTests.m */,
				B985F0801BC355A700B1E2AF /* Supporting Files */,
			);
			path = HY_XXTTests;
			sourceTree = "<group>";
		};
		B985F0801BC355A700B1E2AF /* Supporting Files */ = {
			isa = PBXGroup;
			children = (
				B985F0811BC355A700B1E2AF /* Info.plist */,
			);
			name = "Supporting Files";
			sourceTree = "<group>";
		};
		B985F08C1BC355BB00B1E2AF /* Classes */ = {
			isa = PBXGroup;
			children = (
				B985F09A1BC355BB00B1E2AF /* Main */,
				B985F0961BC355BB00B1E2AF /* Finder */,
				B985F09E1BC355BB00B1E2AF /* Movie */,
				B985F08D1BC355BB00B1E2AF /* Activity */,
				B985F0911BC355BB00B1E2AF /* Calendar */,
				B985F0951BC355BB00B1E2AF /* Common */,
			);
			path = Classes;
			sourceTree = "<group>";
		};
		B985F08D1BC355BB00B1E2AF /* Activity */ = {
			isa = PBXGroup;
			children = (
				B985F08E1BC355BB00B1E2AF /* Controller */,
				B985F08F1BC355BB00B1E2AF /* Model */,
				B985F0901BC355BB00B1E2AF /* View */,
			);
			path = Activity;
			sourceTree = "<group>";
		};
		B985F08E1BC355BB00B1E2AF /* Controller */ = {
			isa = PBXGroup;
			children = (
				B985F0A71BC35D2900B1E2AF /* ActivityController.h */,
				B985F0A81BC35D2900B1E2AF /* ActivityController.m */,
			);
			path = Controller;
			sourceTree = "<group>";
		};
		B985F08F1BC355BB00B1E2AF /* Model */ = {
			isa = PBXGroup;
			children = (
			);
			path = Model;
			sourceTree = "<group>";
		};
		B985F0901BC355BB00B1E2AF /* View */ = {
			isa = PBXGroup;
			children = (
			);
			path = View;
			sourceTree = "<group>";
		};
		B985F0911BC355BB00B1E2AF /* Calendar */ = {
			isa = PBXGroup;
			children = (
				B985F0921BC355BB00B1E2AF /* Controller */,
				B985F0931BC355BB00B1E2AF /* Model */,
				B985F0941BC355BB00B1E2AF /* View */,
			);
			path = Calendar;
			sourceTree = "<group>";
		};
		B985F0921BC355BB00B1E2AF /* Controller */ = {
			isa = PBXGroup;
			children = (
				B985F0B91BC36D0A00B1E2AF /* CalenderController.h */,
				B985F0BA1BC36D0A00B1E2AF /* CalenderController.m */,
			);
			path = Controller;
			sourceTree = "<group>";
		};
		B985F0931BC355BB00B1E2AF /* Model */ = {
			isa = PBXGroup;
			children = (
			);
			path = Model;
			sourceTree = "<group>";
		};
		B985F0941BC355BB00B1E2AF /* View */ = {
			isa = PBXGroup;
			children = (
			);
			path = View;
			sourceTree = "<group>";
		};
		B985F0951BC355BB00B1E2AF /* Common */ = {
			isa = PBXGroup;
			children = (
				E6650E031BC5741200692A94 /* GWL */,
				B9753E0F1BC4B1D400FC6931 /* QXBModelTool */,
				B9E270C71BC3A58E007372FE /* NetworkRequest  */,
				B9E270C81BC3A58E007372FE /* ThirdFrame */,
			);
			path = Common;
			sourceTree = "<group>";
		};
		B985F0961BC355BB00B1E2AF /* Finder */ = {
			isa = PBXGroup;
			children = (
				B985F0971BC355BB00B1E2AF /* Controller */,
				B985F0981BC355BB00B1E2AF /* Model */,
				B985F0991BC355BB00B1E2AF /* View */,
			);
			path = Finder;
			sourceTree = "<group>";
		};
		B985F0971BC355BB00B1E2AF /* Controller */ = {
			isa = PBXGroup;
			children = (
				B985F0AA1BC35D3B00B1E2AF /* FinderController.h */,
				B985F0AB1BC35D3B00B1E2AF /* FinderController.m */,
			);
			path = Controller;
			sourceTree = "<group>";
		};
		B985F0981BC355BB00B1E2AF /* Model */ = {
			isa = PBXGroup;
			children = (
			);
			path = Model;
			sourceTree = "<group>";
		};
		B985F0991BC355BB00B1E2AF /* View */ = {
			isa = PBXGroup;
			children = (
			);
			path = View;
			sourceTree = "<group>";
		};
		B985F09A1BC355BB00B1E2AF /* Main */ = {
			isa = PBXGroup;
			children = (
				B985F0A21BC355D500B1E2AF /* AppDelegate.h */,
				B985F0A31BC355D500B1E2AF /* AppDelegate.m */,
				B985F0A41BC355D500B1E2AF /* main.m */,
				B985F09B1BC355BB00B1E2AF /* Controller */,
				B985F09C1BC355BB00B1E2AF /* Model */,
				B985F09D1BC355BB00B1E2AF /* View */,
			);
			path = Main;
			sourceTree = "<group>";
		};
		B985F09B1BC355BB00B1E2AF /* Controller */ = {
			isa = PBXGroup;
			children = (
				B9D03B021BC3588100DCDEB8 /* RootViewController.h */,
				B9D03B031BC3588100DCDEB8 /* RootViewController.m */,
				B933C9941BC3BF0500B90787 /* CityController.h */,
				B933C9951BC3BF0500B90787 /* CityController.m */,
			);
			path = Controller;
			sourceTree = "<group>";
		};
		B985F09C1BC355BB00B1E2AF /* Model */ = {
			isa = PBXGroup;
			children = (
				B933C9991BC3CA5000B90787 /* CityData.h */,
				B933C99A1BC3CA5000B90787 /* CityData.m */,
			);
			path = Model;
			sourceTree = "<group>";
		};
		B985F09D1BC355BB00B1E2AF /* View */ = {
			isa = PBXGroup;
			children = (
				B9D03B051BC358F100DCDEB8 /* HYTabBarButton.h */,
				B9D03B061BC358F100DCDEB8 /* HYTabBarButton.m */,
				B9D03B081BC3591200DCDEB8 /* HYTabBar.h */,
				B9D03B091BC3591200DCDEB8 /* HYTabBar.m */,
			);
			path = View;
			sourceTree = "<group>";
		};
		B985F09E1BC355BB00B1E2AF /* Movie */ = {
			isa = PBXGroup;
			children = (
				B985F09F1BC355BB00B1E2AF /* Controller */,
				B985F0A01BC355BB00B1E2AF /* Model */,
				B985F0A11BC355BB00B1E2AF /* View */,
			);
			path = Movie;
			sourceTree = "<group>";
		};
		B985F09F1BC355BB00B1E2AF /* Controller */ = {
			isa = PBXGroup;
			children = (
				B9753E131BC4B3BE00FC6931 /* MoviesViewController.h */,
				B9753E141BC4B3BE00FC6931 /* MoviesViewController.m */,
				B9753E191BC4BCA900FC6931 /* ShowmoiveTableViewController.h */,
				B9753E1A1BC4BCA900FC6931 /* ShowmoiveTableViewController.m */,
				B9753E2B1BC508E400FC6931 /* WillMovieViewController.h */,
				B9753E2C1BC508E400FC6931 /* WillMovieViewController.m */,
				B9753E311BC5096100FC6931 /* TopMovieViewController.h */,
				B9753E321BC5096100FC6931 /* TopMovieViewController.m */,
				B9753E3C1BC5451200FC6931 /* CinemaController.h */,
				B9753E3D1BC5451200FC6931 /* CinemaController.m */,
			);
			path = Controller;
			sourceTree = "<group>";
		};
		B985F0A01BC355BB00B1E2AF /* Model */ = {
			isa = PBXGroup;
			children = (
				B9753E0C1BC4B1AB00FC6931 /* MoviesData.h */,
				B9753E0D1BC4B1AB00FC6931 /* MoviesData.m */,
				B9753E161BC4B94C00FC6931 /* DealsData.h */,
				B9753E171BC4B94C00FC6931 /* DealsData.m */,
			);
			path = Model;
			sourceTree = "<group>";
		};
		B985F0A11BC355BB00B1E2AF /* View */ = {
			isa = PBXGroup;
			children = (
				E676A0621BC5868B0078713F /* DropButton.h */,
				E676A0631BC5868B0078713F /* DropButton.m */,
				E676A05F1BC582740078713F /* DropDownMenuView.h */,
				E676A0601BC582740078713F /* DropDownMenuView.m */,
				B9753E251BC4C03900FC6931 /* SlideView.h */,
				B9753E261BC4C03900FC6931 /* SlideView.m */,
				B9753E281BC4C92000FC6931 /* SlideButton.h */,
				B9753E291BC4C92000FC6931 /* SlideButton.m */,
				B9753E341BC520A700FC6931 /* ShowMovieCell.h */,
				B9753E351BC520A700FC6931 /* ShowMovieCell.m */,
				B9753E361BC520A700FC6931 /* ShowMovieCell.xib */,
			);
			path = View;
			sourceTree = "<group>";
		};
		B9E270C71BC3A58E007372FE /* NetworkRequest  */ = {
			isa = PBXGroup;
			children = (
				B9E270E61BC3A5B2007372FE /* AFNReuest.h */,
				B9E270E71BC3A5B2007372FE /* AFNReuest.m */,
			);
			path = "NetworkRequest ";
			sourceTree = "<group>";
		};
		B9E270C81BC3A58E007372FE /* ThirdFrame */ = {
			isa = PBXGroup;
			children = (
				B9E270C91BC3A58E007372FE /* AFNetworking */,
			);
			path = ThirdFrame;
			sourceTree = "<group>";
		};
		B9E270C91BC3A58E007372FE /* AFNetworking */ = {
			isa = PBXGroup;
			children = (
				B9E270CA1BC3A58E007372FE /* AFHTTPRequestOperation.h */,
				B9E270CB1BC3A58E007372FE /* AFHTTPRequestOperation.m */,
				B9E270CC1BC3A58E007372FE /* AFHTTPRequestOperationManager.h */,
				B9E270CD1BC3A58E007372FE /* AFHTTPRequestOperationManager.m */,
				B9E270CE1BC3A58E007372FE /* AFHTTPSessionManager.h */,
				B9E270CF1BC3A58E007372FE /* AFHTTPSessionManager.m */,
				B9E270D01BC3A58E007372FE /* AFNetworking.h */,
				B9E270D11BC3A58E007372FE /* AFNetworkReachabilityManager.h */,
				B9E270D21BC3A58E007372FE /* AFNetworkReachabilityManager.m */,
				B9E270D31BC3A58E007372FE /* AFSecurityPolicy.h */,
				B9E270D41BC3A58E007372FE /* AFSecurityPolicy.m */,
				B9E270D51BC3A58E007372FE /* AFURLConnectionOperation.h */,
				B9E270D61BC3A58E007372FE /* AFURLConnectionOperation.m */,
				B9E270D71BC3A58E007372FE /* AFURLRequestSerialization.h */,
				B9E270D81BC3A58E007372FE /* AFURLRequestSerialization.m */,
				B9E270D91BC3A58E007372FE /* AFURLResponseSerialization.h */,
				B9E270DA1BC3A58E007372FE /* AFURLResponseSerialization.m */,
				B9E270DB1BC3A58E007372FE /* AFURLSessionManager.h */,
				B9E270DC1BC3A58E007372FE /* AFURLSessionManager.m */,
			);
			path = AFNetworking;
			sourceTree = "<group>";
		};
		E6650E031BC5741200692A94 /* GWL */ = {
			isa = PBXGroup;
			children = (
				E6650E041BC5741200692A94 /* playinfo.json */,
				E6650E051BC5741200692A94 /* area.xml */,
				E6650E061BC5741200692A94 /* 发现-活动.xml */,
				E6650E071BC5741200692A94 /* 发现-电影.xml */,
				E6650E081BC5741200692A94 /* subway.xml */,
				E6650E091BC5741200692A94 /* city.xml */,
				E6650E0A1BC5741200692A94 /* 影效.json */,
				E6650E0B1BC5741200692A94 /* 活动-活动.xml */,
				E6650E0C1BC5741200692A94 /* 活动-轮播.xml */,
				E6650E0D1BC5741200692A94 /* 购票-即将上映.xml */,
				E6650E0E1BC5741200692A94 /* 购票-影院.xml */,
				E6650E0F1BC5741200692A94 /* 购票-排行.xml */,
				E6650E101BC5741200692A94 /* 购票-热映.xml */,
				E6650E111BC5741200692A94 /* 音效.xml */,
			);
			path = GWL;
			sourceTree = "<group>";
		};
/* End PBXGroup section */

/* Begin PBXNativeTarget section */
		B985F05F1BC355A700B1E2AF /* HY_XXT */ = {
			isa = PBXNativeTarget;
			buildConfigurationList = B985F0861BC355A700B1E2AF /* Build configuration list for PBXNativeTarget "HY_XXT" */;
			buildPhases = (
				B985F05C1BC355A700B1E2AF /* Sources */,
				B985F05D1BC355A700B1E2AF /* Frameworks */,
				B985F05E1BC355A700B1E2AF /* Resources */,
			);
			buildRules = (
			);
			dependencies = (
			);
			name = HY_XXT;
			productName = HY_XXT;
			productReference = B985F0601BC355A700B1E2AF /* HY_XXT.app */;
			productType = "com.apple.product-type.application";
		};
		B985F07B1BC355A700B1E2AF /* HY_XXTTests */ = {
			isa = PBXNativeTarget;
			buildConfigurationList = B985F0891BC355A700B1E2AF /* Build configuration list for PBXNativeTarget "HY_XXTTests" */;
			buildPhases = (
				B985F0781BC355A700B1E2AF /* Sources */,
				B985F0791BC355A700B1E2AF /* Frameworks */,
				B985F07A1BC355A700B1E2AF /* Resources */,
			);
			buildRules = (
			);
			dependencies = (
				B985F07E1BC355A700B1E2AF /* PBXTargetDependency */,
			);
			name = HY_XXTTests;
			productName = HY_XXTTests;
			productReference = B985F07C1BC355A700B1E2AF /* HY_XXTTests.xctest */;
			productType = "com.apple.product-type.bundle.unit-test";
		};
/* End PBXNativeTarget section */

/* Begin PBXProject section */
		B985F0581BC355A700B1E2AF /* Project object */ = {
			isa = PBXProject;
			attributes = {
				LastUpgradeCheck = 0640;
				ORGANIZATIONNAME = XXT;
				TargetAttributes = {
					B985F05F1BC355A700B1E2AF = {
						CreatedOnToolsVersion = 6.4;
					};
					B985F07B1BC355A700B1E2AF = {
						CreatedOnToolsVersion = 6.4;
						TestTargetID = B985F05F1BC355A700B1E2AF;
					};
				};
			};
			buildConfigurationList = B985F05B1BC355A700B1E2AF /* Build configuration list for PBXProject "HY_XXT" */;
			compatibilityVersion = "Xcode 3.2";
			developmentRegion = English;
			hasScannedForEncodings = 0;
			knownRegions = (
				en,
				Base,
			);
			mainGroup = B985F0571BC355A700B1E2AF;
			productRefGroup = B985F0611BC355A700B1E2AF /* Products */;
			projectDirPath = "";
			projectRoot = "";
			targets = (
				B985F05F1BC355A700B1E2AF /* HY_XXT */,
				B985F07B1BC355A700B1E2AF /* HY_XXTTests */,
			);
		};
/* End PBXProject section */

/* Begin PBXResourcesBuildPhase section */
		B985F05E1BC355A700B1E2AF /* Resources */ = {
			isa = PBXResourcesBuildPhase;
			buildActionMask = 2147483647;
			files = (
				B985F0721BC355A700B1E2AF /* Main.storyboard in Resources */,
				B985F0771BC355A700B1E2AF /* LaunchScreen.xib in Resources */,
				E6650E1E1BC5741200692A94 /* 购票-热映.xml in Resources */,
				B985F0741BC355A700B1E2AF /* Images.xcassets in Resources */,
				E6650E1B1BC5741200692A94 /* 购票-即将上映.xml in Resources */,
				E6650E121BC5741200692A94 /* playinfo.json in Resources */,
				E6650E151BC5741200692A94 /* 发现-电影.xml in Resources */,
				E6650E171BC5741200692A94 /* city.xml in Resources */,
				E6650E1C1BC5741200692A94 /* 购票-影院.xml in Resources */,
				E6650E1D1BC5741200692A94 /* 购票-排行.xml in Resources */,
				E6650E1F1BC5741200692A94 /* 音效.xml in Resources */,
				E6650E181BC5741200692A94 /* 影效.json in Resources */,
				E6650E131BC5741200692A94 /* area.xml in Resources */,
				B9753E381BC520A700FC6931 /* ShowMovieCell.xib in Resources */,
				E6650E161BC5741200692A94 /* subway.xml in Resources */,
				E6650E141BC5741200692A94 /* 发现-活动.xml in Resources */,
				E6650E1A1BC5741200692A94 /* 活动-轮播.xml in Resources */,
				E6650E191BC5741200692A94 /* 活动-活动.xml in Resources */,
			);
			runOnlyForDeploymentPostprocessing = 0;
		};
		B985F07A1BC355A700B1E2AF /* Resources */ = {
			isa = PBXResourcesBuildPhase;
			buildActionMask = 2147483647;
			files = (
			);
			runOnlyForDeploymentPostprocessing = 0;
		};
/* End PBXResourcesBuildPhase section */

/* Begin PBXSourcesBuildPhase section */
		B985F05C1BC355A700B1E2AF /* Sources */ = {
			isa = PBXSourcesBuildPhase;
			buildActionMask = 2147483647;
			files = (
				B9753E2D1BC508E400FC6931 /* WillMovieViewController.m in Sources */,
				B985F0A61BC355D500B1E2AF /* main.m in Sources */,
				B985F0AC1BC35D3B00B1E2AF /* FinderController.m in Sources */,
				B9E270E21BC3A58E007372FE /* AFURLConnectionOperation.m in Sources */,
				B9753E121BC4B1D400FC6931 /* QXBModelTool.m in Sources */,
				B9E270E81BC3A5B2007372FE /* AFNReuest.m in Sources */,
				B9753E1B1BC4BCA900FC6931 /* ShowmoiveTableViewController.m in Sources */,
				B9E270E11BC3A58E007372FE /* AFSecurityPolicy.m in Sources */,
				B9E270DF1BC3A58E007372FE /* AFHTTPSessionManager.m in Sources */,
				B9753E151BC4B3BE00FC6931 /* MoviesViewController.m in Sources */,
				B985F0A51BC355D500B1E2AF /* AppDelegate.m in Sources */,
				B9753E371BC520A700FC6931 /* ShowMovieCell.m in Sources */,
				B9D03B0A1BC3591200DCDEB8 /* HYTabBar.m in Sources */,
				E676A0611BC582740078713F /* DropDownMenuView.m in Sources */,
				B9753E181BC4B94C00FC6931 /* DealsData.m in Sources */,
				B9753E271BC4C03900FC6931 /* SlideView.m in Sources */,
				B9D03B071BC358F100DCDEB8 /* HYTabBarButton.m in Sources */,
				B9753E0E1BC4B1AB00FC6931 /* MoviesData.m in Sources */,
				B985F0BB1BC36D0A00B1E2AF /* CalenderController.m in Sources */,
				B985F0A91BC35D2900B1E2AF /* ActivityController.m in Sources */,
				B9E270DE1BC3A58E007372FE /* AFHTTPRequestOperationManager.m in Sources */,
				B9E270DD1BC3A58E007372FE /* AFHTTPRequestOperation.m in Sources */,
				B9E270E51BC3A58E007372FE /* AFURLSessionManager.m in Sources */,
				B9753E331BC5096100FC6931 /* TopMovieViewController.m in Sources */,
				B9D03B041BC3588100DCDEB8 /* RootViewController.m in Sources */,
				B9E270E01BC3A58E007372FE /* AFNetworkReachabilityManager.m in Sources */,
				B9E270E41BC3A58E007372FE /* AFURLResponseSerialization.m in Sources */,
				B9E270E31BC3A58E007372FE /* AFURLRequestSerialization.m in Sources */,
				E676A0641BC5868B0078713F /* DropButton.m in Sources */,
				B933C99B1BC3CA5000B90787 /* CityData.m in Sources */,
				B9753E2A1BC4C92000FC6931 /* SlideButton.m in Sources */,
				B985F06C1BC355A700B1E2AF /* HY_XXT.xcdatamodeld in Sources */,
				B9753E3E1BC5451200FC6931 /* CinemaController.m in Sources */,
				B933C9971BC3BF0500B90787 /* CityController.m in Sources */,
			);
			runOnlyForDeploymentPostprocessing = 0;
		};
		B985F0781BC355A700B1E2AF /* Sources */ = {
			isa = PBXSourcesBuildPhase;
			buildActionMask = 2147483647;
			files = (
				B985F0831BC355A700B1E2AF /* HY_XXTTests.m in Sources */,
			);
			runOnlyForDeploymentPostprocessing = 0;
		};
/* End PBXSourcesBuildPhase section */

/* Begin PBXTargetDependency section */
		B985F07E1BC355A700B1E2AF /* PBXTargetDependency */ = {
			isa = PBXTargetDependency;
			target = B985F05F1BC355A700B1E2AF /* HY_XXT */;
			targetProxy = B985F07D1BC355A700B1E2AF /* PBXContainerItemProxy */;
		};
/* End PBXTargetDependency section */

/* Begin PBXVariantGroup section */
		B985F0701BC355A700B1E2AF /* Main.storyboard */ = {
			isa = PBXVariantGroup;
			children = (
				B985F0711BC355A700B1E2AF /* Base */,
			);
			name = Main.storyboard;
			sourceTree = "<group>";
		};
		B985F0751BC355A700B1E2AF /* LaunchScreen.xib */ = {
			isa = PBXVariantGroup;
			children = (
				B985F0761BC355A700B1E2AF /* Base */,
			);
			name = LaunchScreen.xib;
			sourceTree = "<group>";
		};
/* End PBXVariantGroup section */

/* Begin XCBuildConfiguration section */
		B985F0841BC355A700B1E2AF /* Debug */ = {
			isa = XCBuildConfiguration;
			buildSettings = {
				ALWAYS_SEARCH_USER_PATHS = NO;
				CLANG_CXX_LANGUAGE_STANDARD = "gnu++0x";
				CLANG_CXX_LIBRARY = "libc++";
				CLANG_ENABLE_MODULES = YES;
				CLANG_ENABLE_OBJC_ARC = YES;
				CLANG_WARN_BOOL_CONVERSION = YES;
				CLANG_WARN_CONSTANT_CONVERSION = YES;
				CLANG_WARN_DIRECT_OBJC_ISA_USAGE = YES_ERROR;
				CLANG_WARN_EMPTY_BODY = YES;
				CLANG_WARN_ENUM_CONVERSION = YES;
				CLANG_WARN_INT_CONVERSION = YES;
				CLANG_WARN_OBJC_ROOT_CLASS = YES_ERROR;
				CLANG_WARN_UNREACHABLE_CODE = YES;
				CLANG_WARN__DUPLICATE_METHOD_MATCH = YES;
				"CODE_SIGN_IDENTITY[sdk=iphoneos*]" = "iPhone Developer";
				COPY_PHASE_STRIP = NO;
				DEBUG_INFORMATION_FORMAT = "dwarf-with-dsym";
				ENABLE_STRICT_OBJC_MSGSEND = YES;
				GCC_C_LANGUAGE_STANDARD = gnu99;
				GCC_DYNAMIC_NO_PIC = NO;
				GCC_NO_COMMON_BLOCKS = YES;
				GCC_OPTIMIZATION_LEVEL = 0;
				GCC_PREPROCESSOR_DEFINITIONS = (
					"DEBUG=1",
					"$(inherited)",
				);
				GCC_SYMBOLS_PRIVATE_EXTERN = NO;
				GCC_WARN_64_TO_32_BIT_CONVERSION = YES;
				GCC_WARN_ABOUT_RETURN_TYPE = YES_ERROR;
				GCC_WARN_UNDECLARED_SELECTOR = YES;
				GCC_WARN_UNINITIALIZED_AUTOS = YES_AGGRESSIVE;
				GCC_WARN_UNUSED_FUNCTION = YES;
				GCC_WARN_UNUSED_VARIABLE = YES;
				IPHONEOS_DEPLOYMENT_TARGET = 8.4;
				MTL_ENABLE_DEBUG_INFO = YES;
				ONLY_ACTIVE_ARCH = YES;
				SDKROOT = iphoneos;
				TARGETED_DEVICE_FAMILY = "1,2";
			};
			name = Debug;
		};
		B985F0851BC355A700B1E2AF /* Release */ = {
			isa = XCBuildConfiguration;
			buildSettings = {
				ALWAYS_SEARCH_USER_PATHS = NO;
				CLANG_CXX_LANGUAGE_STANDARD = "gnu++0x";
				CLANG_CXX_LIBRARY = "libc++";
				CLANG_ENABLE_MODULES = YES;
				CLANG_ENABLE_OBJC_ARC = YES;
				CLANG_WARN_BOOL_CONVERSION = YES;
				CLANG_WARN_CONSTANT_CONVERSION = YES;
				CLANG_WARN_DIRECT_OBJC_ISA_USAGE = YES_ERROR;
				CLANG_WARN_EMPTY_BODY = YES;
				CLANG_WARN_ENUM_CONVERSION = YES;
				CLANG_WARN_INT_CONVERSION = YES;
				CLANG_WARN_OBJC_ROOT_CLASS = YES_ERROR;
				CLANG_WARN_UNREACHABLE_CODE = YES;
				CLANG_WARN__DUPLICATE_METHOD_MATCH = YES;
				"CODE_SIGN_IDENTITY[sdk=iphoneos*]" = "iPhone Developer";
				COPY_PHASE_STRIP = NO;
				DEBUG_INFORMATION_FORMAT = "dwarf-with-dsym";
				ENABLE_NS_ASSERTIONS = NO;
				ENABLE_STRICT_OBJC_MSGSEND = YES;
				GCC_C_LANGUAGE_STANDARD = gnu99;
				GCC_NO_COMMON_BLOCKS = YES;
				GCC_WARN_64_TO_32_BIT_CONVERSION = YES;
				GCC_WARN_ABOUT_RETURN_TYPE = YES_ERROR;
				GCC_WARN_UNDECLARED_SELECTOR = YES;
				GCC_WARN_UNINITIALIZED_AUTOS = YES_AGGRESSIVE;
				GCC_WARN_UNUSED_FUNCTION = YES;
				GCC_WARN_UNUSED_VARIABLE = YES;
				IPHONEOS_DEPLOYMENT_TARGET = 8.4;
				MTL_ENABLE_DEBUG_INFO = NO;
				SDKROOT = iphoneos;
				TARGETED_DEVICE_FAMILY = "1,2";
				VALIDATE_PRODUCT = YES;
			};
			name = Release;
		};
		B985F0871BC355A700B1E2AF /* Debug */ = {
			isa = XCBuildConfiguration;
			buildSettings = {
				ASSETCATALOG_COMPILER_APPICON_NAME = AppIcon;
				GCC_PREFIX_HEADER = /Users/wangxinguo/Documents/IOS/HY_XXT/HY_XXT/Classes/HYPrefixHeader.pch;
				INFOPLIST_FILE = HY_XXT/Info.plist;
				IPHONEOS_DEPLOYMENT_TARGET = 8.4;
				LD_RUNPATH_SEARCH_PATHS = "$(inherited) @executable_path/Frameworks";
				PRODUCT_NAME = "$(TARGET_NAME)";
			};
			name = Debug;
		};
		B985F0881BC355A700B1E2AF /* Release */ = {
			isa = XCBuildConfiguration;
			buildSettings = {
				ASSETCATALOG_COMPILER_APPICON_NAME = AppIcon;
				GCC_PREFIX_HEADER = /Users/wangxinguo/Documents/IOS/HY_XXT/HY_XXT/Classes/HYPrefixHeader.pch;
				INFOPLIST_FILE = HY_XXT/Info.plist;
				IPHONEOS_DEPLOYMENT_TARGET = 8.4;
				LD_RUNPATH_SEARCH_PATHS = "$(inherited) @executable_path/Frameworks";
				PRODUCT_NAME = "$(TARGET_NAME)";
			};
			name = Release;
		};
		B985F08A1BC355A700B1E2AF /* Debug */ = {
			isa = XCBuildConfiguration;
			buildSettings = {
				BUNDLE_LOADER = "$(TEST_HOST)";
				FRAMEWORK_SEARCH_PATHS = (
					"$(SDKROOT)/Developer/Library/Frameworks",
					"$(inherited)",
				);
				GCC_PREPROCESSOR_DEFINITIONS = (
					"DEBUG=1",
					"$(inherited)",
				);
				INFOPLIST_FILE = HY_XXTTests/Info.plist;
				LD_RUNPATH_SEARCH_PATHS = "$(inherited) @executable_path/Frameworks @loader_path/Frameworks";
				PRODUCT_NAME = "$(TARGET_NAME)";
				TEST_HOST = "$(BUILT_PRODUCTS_DIR)/HY_XXT.app/HY_XXT";
			};
			name = Debug;
		};
		B985F08B1BC355A700B1E2AF /* Release */ = {
			isa = XCBuildConfiguration;
			buildSettings = {
				BUNDLE_LOADER = "$(TEST_HOST)";
				FRAMEWORK_SEARCH_PATHS = (
					"$(SDKROOT)/Developer/Library/Frameworks",
					"$(inherited)",
				);
				INFOPLIST_FILE = HY_XXTTests/Info.plist;
				LD_RUNPATH_SEARCH_PATHS = "$(inherited) @executable_path/Frameworks @loader_path/Frameworks";
				PRODUCT_NAME = "$(TARGET_NAME)";
				TEST_HOST = "$(BUILT_PRODUCTS_DIR)/HY_XXT.app/HY_XXT";
			};
			name = Release;
		};
/* End XCBuildConfiguration section */

/* Begin XCConfigurationList section */
		B985F05B1BC355A700B1E2AF /* Build configuration list for PBXProject "HY_XXT" */ = {
			isa = XCConfigurationList;
			buildConfigurations = (
				B985F0841BC355A700B1E2AF /* Debug */,
				B985F0851BC355A700B1E2AF /* Release */,
			);
			defaultConfigurationIsVisible = 0;
			defaultConfigurationName = Release;
		};
		B985F0861BC355A700B1E2AF /* Build configuration list for PBXNativeTarget "HY_XXT" */ = {
			isa = XCConfigurationList;
			buildConfigurations = (
				B985F0871BC355A700B1E2AF /* Debug */,
				B985F0881BC355A700B1E2AF /* Release */,
			);
			defaultConfigurationIsVisible = 0;
			defaultConfigurationName = Release;
		};
		B985F0891BC355A700B1E2AF /* Build configuration list for PBXNativeTarget "HY_XXTTests" */ = {
			isa = XCConfigurationList;
			buildConfigurations = (
				B985F08A1BC355A700B1E2AF /* Debug */,
				B985F08B1BC355A700B1E2AF /* Release */,
			);
			defaultConfigurationIsVisible = 0;
			defaultConfigurationName = Release;
		};
/* End XCConfigurationList section */

/* Begin XCVersionGroup section */
		B985F06A1BC355A700B1E2AF /* HY_XXT.xcdatamodeld */ = {
			isa = XCVersionGroup;
			children = (
				B985F06B1BC355A700B1E2AF /* HY_XXT.xcdatamodel */,
			);
			currentVersion = B985F06B1BC355A700B1E2AF /* HY_XXT.xcdatamodel */;
			path = HY_XXT.xcdatamodeld;
			sourceTree = "<group>";
			versionGroupType = wrapper.xcdatamodel;
		};
/* End XCVersionGroup section */
	};
	rootObject = B985F0581BC355A700B1E2AF /* Project object */;
}
