// !$*UTF8*$!
{
	archiveVersion = 1;
	classes = {
	};
	objectVersion = 46;
	objects = {

/* Begin PBXBuildFile section */
		B933DDAE1BC6198B00505A8C /* ActivityController.m in Sources */ = {isa = PBXBuildFile; fileRef = B933DD321BC6198B00505A8C /* ActivityController.m */; };
		B933DDAF1BC6198B00505A8C /* CalenderController.m in Sources */ = {isa = PBXBuildFile; fileRef = B933DD381BC6198B00505A8C /* CalenderController.m */; };
		B933DDB01BC6198B00505A8C /* 商圈.xml in Resources */ = {isa = PBXBuildFile; fileRef = B933DD3D1BC6198B00505A8C /* 商圈.xml */; };
		B933DDB11BC6198B00505A8C /* 城市.xml in Resources */ = {isa = PBXBuildFile; fileRef = B933DD3E1BC6198B00505A8C /* 城市.xml */; };
		B933DDB21BC6198B00505A8C /* playinfo.json in Resources */ = {isa = PBXBuildFile; fileRef = B933DD3F1BC6198B00505A8C /* playinfo.json */; };
		B933DDB31BC6198B00505A8C /* 地铁.xml in Resources */ = {isa = PBXBuildFile; fileRef = B933DD401BC6198B00505A8C /* 地铁.xml */; };
		B933DDB41BC6198B00505A8C /* 发现-活动.xml in Resources */ = {isa = PBXBuildFile; fileRef = B933DD411BC6198B00505A8C /* 发现-活动.xml */; };
		B933DDB51BC6198B00505A8C /* 发现-电影.xml in Resources */ = {isa = PBXBuildFile; fileRef = B933DD421BC6198B00505A8C /* 发现-电影.xml */; };
		B933DDB61BC6198B00505A8C /* 影效.json in Resources */ = {isa = PBXBuildFile; fileRef = B933DD431BC6198B00505A8C /* 影效.json */; };
		B933DDB71BC6198B00505A8C /* 活动-活动.xml in Resources */ = {isa = PBXBuildFile; fileRef = B933DD441BC6198B00505A8C /* 活动-活动.xml */; };
		B933DDB81BC6198B00505A8C /* 活动-轮播.xml in Resources */ = {isa = PBXBuildFile; fileRef = B933DD451BC6198B00505A8C /* 活动-轮播.xml */; };
		B933DDB91BC6198B00505A8C /* 购票-即将上映.xml in Resources */ = {isa = PBXBuildFile; fileRef = B933DD461BC6198B00505A8C /* 购票-即将上映.xml */; };
		B933DDBA1BC6198B00505A8C /* 购票-影院.xml in Resources */ = {isa = PBXBuildFile; fileRef = B933DD471BC6198B00505A8C /* 购票-影院.xml */; };
		B933DDBB1BC6198B00505A8C /* 购票-排行.xml in Resources */ = {isa = PBXBuildFile; fileRef = B933DD481BC6198B00505A8C /* 购票-排行.xml */; };
		B933DDBC1BC6198B00505A8C /* 购票-热映.xml in Resources */ = {isa = PBXBuildFile; fileRef = B933DD491BC6198B00505A8C /* 购票-热映.xml */; };
		B933DDBD1BC6198B00505A8C /* 音效.xml in Resources */ = {isa = PBXBuildFile; fileRef = B933DD4A1BC6198B00505A8C /* 音效.xml */; };
		B933DDBE1BC6198B00505A8C /* AFNReuest.m in Sources */ = {isa = PBXBuildFile; fileRef = B933DD4D1BC6198B00505A8C /* AFNReuest.m */; };
		B933DDBF1BC6198B00505A8C /* QXBModelTool.m in Sources */ = {isa = PBXBuildFile; fileRef = B933DD501BC6198B00505A8C /* QXBModelTool.m */; };
		B933DDC01BC6198B00505A8C /* AFHTTPRequestOperation.m in Sources */ = {isa = PBXBuildFile; fileRef = B933DD541BC6198B00505A8C /* AFHTTPRequestOperation.m */; };
		B933DDC11BC6198B00505A8C /* AFHTTPRequestOperationManager.m in Sources */ = {isa = PBXBuildFile; fileRef = B933DD561BC6198B00505A8C /* AFHTTPRequestOperationManager.m */; };
		B933DDC21BC6198B00505A8C /* AFHTTPSessionManager.m in Sources */ = {isa = PBXBuildFile; fileRef = B933DD581BC6198B00505A8C /* AFHTTPSessionManager.m */; };
		B933DDC31BC6198B00505A8C /* AFNetworkReachabilityManager.m in Sources */ = {isa = PBXBuildFile; fileRef = B933DD5B1BC6198B00505A8C /* AFNetworkReachabilityManager.m */; };
		B933DDC41BC6198B00505A8C /* AFSecurityPolicy.m in Sources */ = {isa = PBXBuildFile; fileRef = B933DD5D1BC6198B00505A8C /* AFSecurityPolicy.m */; };
		B933DDC51BC6198B00505A8C /* AFURLConnectionOperation.m in Sources */ = {isa = PBXBuildFile; fileRef = B933DD5F1BC6198B00505A8C /* AFURLConnectionOperation.m */; };
		B933DDC61BC6198B00505A8C /* AFURLRequestSerialization.m in Sources */ = {isa = PBXBuildFile; fileRef = B933DD611BC6198B00505A8C /* AFURLRequestSerialization.m */; };
		B933DDC71BC6198B00505A8C /* AFURLResponseSerialization.m in Sources */ = {isa = PBXBuildFile; fileRef = B933DD631BC6198B00505A8C /* AFURLResponseSerialization.m */; };
		B933DDC81BC6198B00505A8C /* AFURLSessionManager.m in Sources */ = {isa = PBXBuildFile; fileRef = B933DD651BC6198B00505A8C /* AFURLSessionManager.m */; };
		B933DDC91BC6198B00505A8C /* FinderController.m in Sources */ = {isa = PBXBuildFile; fileRef = B933DD691BC6198B00505A8C /* FinderController.m */; };
		B933DDCA1BC6198B00505A8C /* AppDelegate.m in Sources */ = {isa = PBXBuildFile; fileRef = B933DD6F1BC6198B00505A8C /* AppDelegate.m */; };
		B933DDCB1BC6198B00505A8C /* CityController.m in Sources */ = {isa = PBXBuildFile; fileRef = B933DD731BC6198B00505A8C /* CityController.m */; };
		B933DDCC1BC6198B00505A8C /* CityData.m in Sources */ = {isa = PBXBuildFile; fileRef = B933DD761BC6198B00505A8C /* CityData.m */; };
		B933DDCD1BC6198B00505A8C /* main.m in Sources */ = {isa = PBXBuildFile; fileRef = B933DD781BC6198B00505A8C /* main.m */; };
		B933DDCE1BC6198B00505A8C /* RootViewController.m in Sources */ = {isa = PBXBuildFile; fileRef = B933DD7C1BC6198B00505A8C /* RootViewController.m */; };
		B933DDCF1BC6198B00505A8C /* HYTabBar.m in Sources */ = {isa = PBXBuildFile; fileRef = B933DD801BC6198B00505A8C /* HYTabBar.m */; };
		B933DDD01BC6198B00505A8C /* HYTabBarButton.m in Sources */ = {isa = PBXBuildFile; fileRef = B933DD821BC6198B00505A8C /* HYTabBarButton.m */; };
		B933DDD21BC6198B00505A8C /* MoviesViewController.m in Sources */ = {isa = PBXBuildFile; fileRef = B933DD8A1BC6198B00505A8C /* MoviesViewController.m */; };
		B933DDD31BC6198B00505A8C /* DealsData.m in Sources */ = {isa = PBXBuildFile; fileRef = B933DD8D1BC6198B00505A8C /* DealsData.m */; };
		B933DDD41BC6198B00505A8C /* MoviesData.m in Sources */ = {isa = PBXBuildFile; fileRef = B933DD8F1BC6198B00505A8C /* MoviesData.m */; };
		B933DDD51BC6198B00505A8C /* DropActionButton.m in Sources */ = {isa = PBXBuildFile; fileRef = B933DD931BC6198B00505A8C /* DropActionButton.m */; };
		B933DDD61BC6198B00505A8C /* DropActionView.m in Sources */ = {isa = PBXBuildFile; fileRef = B933DD951BC6198B00505A8C /* DropActionView.m */; };
		B933DDD71BC6198B00505A8C /* DropButton.m in Sources */ = {isa = PBXBuildFile; fileRef = B933DD971BC6198B00505A8C /* DropButton.m */; };
		B933DDD81BC6198B00505A8C /* DropDownMenuView.m in Sources */ = {isa = PBXBuildFile; fileRef = B933DD991BC6198B00505A8C /* DropDownMenuView.m */; };
		B933DDD91BC6198B00505A8C /* SlideButton.m in Sources */ = {isa = PBXBuildFile; fileRef = B933DD9C1BC6198B00505A8C /* SlideButton.m */; };
		B933DDDA1BC6198B00505A8C /* SlideView.m in Sources */ = {isa = PBXBuildFile; fileRef = B933DD9E1BC6198B00505A8C /* SlideView.m */; };
		B933DDDB1BC6198B00505A8C /* ShowmoiveTableViewController.m in Sources */ = {isa = PBXBuildFile; fileRef = B933DDA21BC6198B00505A8C /* ShowmoiveTableViewController.m */; };
		B933DDDC1BC6198B00505A8C /* ShowMovieCell.m in Sources */ = {isa = PBXBuildFile; fileRef = B933DDA61BC6198B00505A8C /* ShowMovieCell.m */; };
		B933DDDD1BC6198B00505A8C /* ShowMovieCell.xib in Resources */ = {isa = PBXBuildFile; fileRef = B933DDA71BC6198B00505A8C /* ShowMovieCell.xib */; };
		B933DDDE1BC6198B00505A8C /* TopMovieViewController.m in Sources */ = {isa = PBXBuildFile; fileRef = B933DDAA1BC6198B00505A8C /* TopMovieViewController.m */; };
		B933DDDF1BC6198B00505A8C /* WillMovieViewController.m in Sources */ = {isa = PBXBuildFile; fileRef = B933DDAD1BC6198B00505A8C /* WillMovieViewController.m */; };
		B985F06C1BC355A700B1E2AF /* HY_XXT.xcdatamodeld in Sources */ = {isa = PBXBuildFile; fileRef = B985F06A1BC355A700B1E2AF /* HY_XXT.xcdatamodeld */; };
		B985F0721BC355A700B1E2AF /* Main.storyboard in Resources */ = {isa = PBXBuildFile; fileRef = B985F0701BC355A700B1E2AF /* Main.storyboard */; };
		B985F0741BC355A700B1E2AF /* Images.xcassets in Resources */ = {isa = PBXBuildFile; fileRef = B985F0731BC355A700B1E2AF /* Images.xcassets */; };
		B985F0771BC355A700B1E2AF /* LaunchScreen.xib in Resources */ = {isa = PBXBuildFile; fileRef = B985F0751BC355A700B1E2AF /* LaunchScreen.xib */; };
		B985F0831BC355A700B1E2AF /* HY_XXTTests.m in Sources */ = {isa = PBXBuildFile; fileRef = B985F0821BC355A700B1E2AF /* HY_XXTTests.m */; };
		B994BE211BC75CBB00DD44A3 /* MKAnnotationView+WebCache.m in Sources */ = {isa = PBXBuildFile; fileRef = B994BE011BC75CBB00DD44A3 /* MKAnnotationView+WebCache.m */; };
		B994BE221BC75CBB00DD44A3 /* NSData+ImageContentType.m in Sources */ = {isa = PBXBuildFile; fileRef = B994BE031BC75CBB00DD44A3 /* NSData+ImageContentType.m */; };
		B994BE231BC75CBB00DD44A3 /* SDImageCache.m in Sources */ = {isa = PBXBuildFile; fileRef = B994BE051BC75CBB00DD44A3 /* SDImageCache.m */; };
		B994BE241BC75CBB00DD44A3 /* SDWebImageCompat.m in Sources */ = {isa = PBXBuildFile; fileRef = B994BE071BC75CBB00DD44A3 /* SDWebImageCompat.m */; };
		B994BE251BC75CBB00DD44A3 /* SDWebImageDecoder.m in Sources */ = {isa = PBXBuildFile; fileRef = B994BE091BC75CBB00DD44A3 /* SDWebImageDecoder.m */; };
		B994BE261BC75CBB00DD44A3 /* SDWebImageDownloader.m in Sources */ = {isa = PBXBuildFile; fileRef = B994BE0B1BC75CBB00DD44A3 /* SDWebImageDownloader.m */; };
		B994BE271BC75CBB00DD44A3 /* SDWebImageDownloaderOperation.m in Sources */ = {isa = PBXBuildFile; fileRef = B994BE0D1BC75CBB00DD44A3 /* SDWebImageDownloaderOperation.m */; };
		B994BE281BC75CBB00DD44A3 /* SDWebImageManager.m in Sources */ = {isa = PBXBuildFile; fileRef = B994BE0F1BC75CBB00DD44A3 /* SDWebImageManager.m */; };
		B994BE291BC75CBB00DD44A3 /* SDWebImagePrefetcher.m in Sources */ = {isa = PBXBuildFile; fileRef = B994BE121BC75CBB00DD44A3 /* SDWebImagePrefetcher.m */; };
		B994BE2A1BC75CBB00DD44A3 /* UIButton+WebCache.m in Sources */ = {isa = PBXBuildFile; fileRef = B994BE141BC75CBB00DD44A3 /* UIButton+WebCache.m */; };
		B994BE2B1BC75CBB00DD44A3 /* UIImage+GIF.m in Sources */ = {isa = PBXBuildFile; fileRef = B994BE161BC75CBB00DD44A3 /* UIImage+GIF.m */; };
		B994BE2C1BC75CBB00DD44A3 /* UIImage+MultiFormat.m in Sources */ = {isa = PBXBuildFile; fileRef = B994BE181BC75CBB00DD44A3 /* UIImage+MultiFormat.m */; };
		B994BE2D1BC75CBB00DD44A3 /* UIImage+WebP.m in Sources */ = {isa = PBXBuildFile; fileRef = B994BE1A1BC75CBB00DD44A3 /* UIImage+WebP.m */; };
		B994BE2E1BC75CBB00DD44A3 /* UIImageView+HighlightedWebCache.m in Sources */ = {isa = PBXBuildFile; fileRef = B994BE1C1BC75CBB00DD44A3 /* UIImageView+HighlightedWebCache.m */; };
		B994BE2F1BC75CBB00DD44A3 /* UIImageView+WebCache.m in Sources */ = {isa = PBXBuildFile; fileRef = B994BE1E1BC75CBB00DD44A3 /* UIImageView+WebCache.m */; };
		B994BE301BC75CBB00DD44A3 /* UIView+WebCacheOperation.m in Sources */ = {isa = PBXBuildFile; fileRef = B994BE201BC75CBB00DD44A3 /* UIView+WebCacheOperation.m */; };
		B994BE331BC76DB000DD44A3 /* MovieIcon.m in Sources */ = {isa = PBXBuildFile; fileRef = B994BE321BC76DB000DD44A3 /* MovieIcon.m */; };
		B994BE361BC76FBC00DD44A3 /* CommonData.m in Sources */ = {isa = PBXBuildFile; fileRef = B994BE351BC76FBC00DD44A3 /* CommonData.m */; };
		B994BE3F1BC7AF9600DD44A3 /* StrForDic.m in Sources */ = {isa = PBXBuildFile; fileRef = B994BE3E1BC7AF9600DD44A3 /* StrForDic.m */; };
		B994BE451BC7BB8400DD44A3 /* CinemaController.m in Sources */ = {isa = PBXBuildFile; fileRef = B994BE421BC7BB8400DD44A3 /* CinemaController.m */; };
		B994BE481BC7BBA600DD44A3 /* RequsetCinema.m in Sources */ = {isa = PBXBuildFile; fileRef = B994BE471BC7BBA600DD44A3 /* RequsetCinema.m */; };
		B994BE4B1BC7BBB200DD44A3 /* CinemaData.m in Sources */ = {isa = PBXBuildFile; fileRef = B994BE4A1BC7BBB200DD44A3 /* CinemaData.m */; };
		B994BE521BC7BD9200DD44A3 /* CinemaCell.m in Sources */ = {isa = PBXBuildFile; fileRef = B994BE501BC7BD9200DD44A3 /* CinemaCell.m */; };
		B994BE561BC7F00200DD44A3 /* TitleLabel.m in Sources */ = {isa = PBXBuildFile; fileRef = B994BE551BC7F00200DD44A3 /* TitleLabel.m */; };
		B994BE591BC7F79100DD44A3 /* DesceiphionData.m in Sources */ = {isa = PBXBuildFile; fileRef = B994BE581BC7F79100DD44A3 /* DesceiphionData.m */; };
		B99F18E41BC61AE100A38F5E /* DropData.m in Sources */ = {isa = PBXBuildFile; fileRef = B99F18E31BC61AE100A38F5E /* DropData.m */; };
		B99F18E71BC61B5900A38F5E /* DropCityData.m in Sources */ = {isa = PBXBuildFile; fileRef = B99F18E61BC61B5900A38F5E /* DropCityData.m */; };
		B99F18EA1BC61BA200A38F5E /* DropAreaData.m in Sources */ = {isa = PBXBuildFile; fileRef = B99F18E91BC61BA200A38F5E /* DropAreaData.m */; };
		B99F18ED1BC61BCA00A38F5E /* DropSubwayData.m in Sources */ = {isa = PBXBuildFile; fileRef = B99F18EC1BC61BCA00A38F5E /* DropSubwayData.m */; };
		B99F18F01BC69ACC00A38F5E /* ReqShowMoiveData.m in Sources */ = {isa = PBXBuildFile; fileRef = B99F18EF1BC69ACC00A38F5E /* ReqShowMoiveData.m */; };
		B99F18F31BC69AE400A38F5E /* ShowMoiveData.m in Sources */ = {isa = PBXBuildFile; fileRef = B99F18F21BC69AE400A38F5E /* ShowMoiveData.m */; };
		B99F18F91BC69EB300A38F5E /* libxml2.2.dylib in Frameworks */ = {isa = PBXBuildFile; fileRef = B99F18F81BC69EB300A38F5E /* libxml2.2.dylib */; };
		B9E270C01BC3A049007372FE /* Security.framework in Frameworks */ = {isa = PBXBuildFile; fileRef = B9E270BF1BC3A049007372FE /* Security.framework */; };
		B9E270C21BC3A052007372FE /* MobileCoreServices.framework in Frameworks */ = {isa = PBXBuildFile; fileRef = B9E270C11BC3A052007372FE /* MobileCoreServices.framework */; };
		B9E270C41BC3A05B007372FE /* SystemConfiguration.framework in Frameworks */ = {isa = PBXBuildFile; fileRef = B9E270C31BC3A05B007372FE /* SystemConfiguration.framework */; };
/* End PBXBuildFile section */

/* Begin PBXContainerItemProxy section */
		B985F07D1BC355A700B1E2AF /* PBXContainerItemProxy */ = {
			isa = PBXContainerItemProxy;
			containerPortal = B985F0581BC355A700B1E2AF /* Project object */;
			proxyType = 1;
			remoteGlobalIDString = B985F05F1BC355A700B1E2AF;
			remoteInfo = HY_XXT;
		};
/* End PBXContainerItemProxy section */

/* Begin PBXFileReference section */
		B933DD311BC6198B00505A8C /* ActivityController.h */ = {isa = PBXFileReference; fileEncoding = 4; lastKnownFileType = sourcecode.c.h; path = ActivityController.h; sourceTree = "<group>"; };
		B933DD321BC6198B00505A8C /* ActivityController.m */ = {isa = PBXFileReference; fileEncoding = 4; lastKnownFileType = sourcecode.c.objc; path = ActivityController.m; sourceTree = "<group>"; };
		B933DD371BC6198B00505A8C /* CalenderController.h */ = {isa = PBXFileReference; fileEncoding = 4; lastKnownFileType = sourcecode.c.h; path = CalenderController.h; sourceTree = "<group>"; };
		B933DD381BC6198B00505A8C /* CalenderController.m */ = {isa = PBXFileReference; fileEncoding = 4; lastKnownFileType = sourcecode.c.objc; path = CalenderController.m; sourceTree = "<group>"; };
		B933DD3D1BC6198B00505A8C /* 商圈.xml */ = {isa = PBXFileReference; fileEncoding = 4; lastKnownFileType = text.xml; path = "商圈.xml"; sourceTree = "<group>"; };
		B933DD3E1BC6198B00505A8C /* 城市.xml */ = {isa = PBXFileReference; fileEncoding = 4; lastKnownFileType = text.xml; path = "城市.xml"; sourceTree = "<group>"; };
		B933DD3F1BC6198B00505A8C /* playinfo.json */ = {isa = PBXFileReference; fileEncoding = 4; lastKnownFileType = text.json; path = playinfo.json; sourceTree = "<group>"; };
		B933DD401BC6198B00505A8C /* 地铁.xml */ = {isa = PBXFileReference; fileEncoding = 4; lastKnownFileType = text.xml; path = "地铁.xml"; sourceTree = "<group>"; };
		B933DD411BC6198B00505A8C /* 发现-活动.xml */ = {isa = PBXFileReference; fileEncoding = 4; lastKnownFileType = text.xml; path = "发现-活动.xml"; sourceTree = "<group>"; };
		B933DD421BC6198B00505A8C /* 发现-电影.xml */ = {isa = PBXFileReference; fileEncoding = 4; lastKnownFileType = text.xml; path = "发现-电影.xml"; sourceTree = "<group>"; };
		B933DD431BC6198B00505A8C /* 影效.json */ = {isa = PBXFileReference; fileEncoding = 4; lastKnownFileType = text.json; path = "影效.json"; sourceTree = "<group>"; };
		B933DD441BC6198B00505A8C /* 活动-活动.xml */ = {isa = PBXFileReference; fileEncoding = 4; lastKnownFileType = text.xml; path = "活动-活动.xml"; sourceTree = "<group>"; };
		B933DD451BC6198B00505A8C /* 活动-轮播.xml */ = {isa = PBXFileReference; fileEncoding = 4; lastKnownFileType = text.xml; path = "活动-轮播.xml"; sourceTree = "<group>"; };
		B933DD461BC6198B00505A8C /* 购票-即将上映.xml */ = {isa = PBXFileReference; fileEncoding = 4; lastKnownFileType = text.xml; path = "购票-即将上映.xml"; sourceTree = "<group>"; };
		B933DD471BC6198B00505A8C /* 购票-影院.xml */ = {isa = PBXFileReference; fileEncoding = 4; lastKnownFileType = text.xml; path = "购票-影院.xml"; sourceTree = "<group>"; };
		B933DD481BC6198B00505A8C /* 购票-排行.xml */ = {isa = PBXFileReference; fileEncoding = 4; lastKnownFileType = text.xml; path = "购票-排行.xml"; sourceTree = "<group>"; };
		B933DD491BC6198B00505A8C /* 购票-热映.xml */ = {isa = PBXFileReference; fileEncoding = 4; lastKnownFileType = text.xml; path = "购票-热映.xml"; sourceTree = "<group>"; };
		B933DD4A1BC6198B00505A8C /* 音效.xml */ = {isa = PBXFileReference; fileEncoding = 4; lastKnownFileType = text.xml; path = "音效.xml"; sourceTree = "<group>"; };
		B933DD4C1BC6198B00505A8C /* AFNReuest.h */ = {isa = PBXFileReference; fileEncoding = 4; lastKnownFileType = sourcecode.c.h; path = AFNReuest.h; sourceTree = "<group>"; };
		B933DD4D1BC6198B00505A8C /* AFNReuest.m */ = {isa = PBXFileReference; fileEncoding = 4; lastKnownFileType = sourcecode.c.objc; path = AFNReuest.m; sourceTree = "<group>"; };
		B933DD4F1BC6198B00505A8C /* QXBModelTool.h */ = {isa = PBXFileReference; fileEncoding = 4; lastKnownFileType = sourcecode.c.h; path = QXBModelTool.h; sourceTree = "<group>"; };
		B933DD501BC6198B00505A8C /* QXBModelTool.m */ = {isa = PBXFileReference; fileEncoding = 4; lastKnownFileType = sourcecode.c.objc; path = QXBModelTool.m; sourceTree = "<group>"; };
		B933DD531BC6198B00505A8C /* AFHTTPRequestOperation.h */ = {isa = PBXFileReference; fileEncoding = 4; lastKnownFileType = sourcecode.c.h; path = AFHTTPRequestOperation.h; sourceTree = "<group>"; };
		B933DD541BC6198B00505A8C /* AFHTTPRequestOperation.m */ = {isa = PBXFileReference; fileEncoding = 4; lastKnownFileType = sourcecode.c.objc; path = AFHTTPRequestOperation.m; sourceTree = "<group>"; };
		B933DD551BC6198B00505A8C /* AFHTTPRequestOperationManager.h */ = {isa = PBXFileReference; fileEncoding = 4; lastKnownFileType = sourcecode.c.h; path = AFHTTPRequestOperationManager.h; sourceTree = "<group>"; };
		B933DD561BC6198B00505A8C /* AFHTTPRequestOperationManager.m */ = {isa = PBXFileReference; fileEncoding = 4; lastKnownFileType = sourcecode.c.objc; path = AFHTTPRequestOperationManager.m; sourceTree = "<group>"; };
		B933DD571BC6198B00505A8C /* AFHTTPSessionManager.h */ = {isa = PBXFileReference; fileEncoding = 4; lastKnownFileType = sourcecode.c.h; path = AFHTTPSessionManager.h; sourceTree = "<group>"; };
		B933DD581BC6198B00505A8C /* AFHTTPSessionManager.m */ = {isa = PBXFileReference; fileEncoding = 4; lastKnownFileType = sourcecode.c.objc; path = AFHTTPSessionManager.m; sourceTree = "<group>"; };
		B933DD591BC6198B00505A8C /* AFNetworking.h */ = {isa = PBXFileReference; fileEncoding = 4; lastKnownFileType = sourcecode.c.h; path = AFNetworking.h; sourceTree = "<group>"; };
		B933DD5A1BC6198B00505A8C /* AFNetworkReachabilityManager.h */ = {isa = PBXFileReference; fileEncoding = 4; lastKnownFileType = sourcecode.c.h; path = AFNetworkReachabilityManager.h; sourceTree = "<group>"; };
		B933DD5B1BC6198B00505A8C /* AFNetworkReachabilityManager.m */ = {isa = PBXFileReference; fileEncoding = 4; lastKnownFileType = sourcecode.c.objc; path = AFNetworkReachabilityManager.m; sourceTree = "<group>"; };
		B933DD5C1BC6198B00505A8C /* AFSecurityPolicy.h */ = {isa = PBXFileReference; fileEncoding = 4; lastKnownFileType = sourcecode.c.h; path = AFSecurityPolicy.h; sourceTree = "<group>"; };
		B933DD5D1BC6198B00505A8C /* AFSecurityPolicy.m */ = {isa = PBXFileReference; fileEncoding = 4; lastKnownFileType = sourcecode.c.objc; path = AFSecurityPolicy.m; sourceTree = "<group>"; };
		B933DD5E1BC6198B00505A8C /* AFURLConnectionOperation.h */ = {isa = PBXFileReference; fileEncoding = 4; lastKnownFileType = sourcecode.c.h; path = AFURLConnectionOperation.h; sourceTree = "<group>"; };
		B933DD5F1BC6198B00505A8C /* AFURLConnectionOperation.m */ = {isa = PBXFileReference; fileEncoding = 4; lastKnownFileType = sourcecode.c.objc; path = AFURLConnectionOperation.m; sourceTree = "<group>"; };
		B933DD601BC6198B00505A8C /* AFURLRequestSerialization.h */ = {isa = PBXFileReference; fileEncoding = 4; lastKnownFileType = sourcecode.c.h; path = AFURLRequestSerialization.h; sourceTree = "<group>"; };
		B933DD611BC6198B00505A8C /* AFURLRequestSerialization.m */ = {isa = PBXFileReference; fileEncoding = 4; lastKnownFileType = sourcecode.c.objc; path = AFURLRequestSerialization.m; sourceTree = "<group>"; };
		B933DD621BC6198B00505A8C /* AFURLResponseSerialization.h */ = {isa = PBXFileReference; fileEncoding = 4; lastKnownFileType = sourcecode.c.h; path = AFURLResponseSerialization.h; sourceTree = "<group>"; };
		B933DD631BC6198B00505A8C /* AFURLResponseSerialization.m */ = {isa = PBXFileReference; fileEncoding = 4; lastKnownFileType = sourcecode.c.objc; path = AFURLResponseSerialization.m; sourceTree = "<group>"; };
		B933DD641BC6198B00505A8C /* AFURLSessionManager.h */ = {isa = PBXFileReference; fileEncoding = 4; lastKnownFileType = sourcecode.c.h; path = AFURLSessionManager.h; sourceTree = "<group>"; };
		B933DD651BC6198B00505A8C /* AFURLSessionManager.m */ = {isa = PBXFileReference; fileEncoding = 4; lastKnownFileType = sourcecode.c.objc; path = AFURLSessionManager.m; sourceTree = "<group>"; };
		B933DD681BC6198B00505A8C /* FinderController.h */ = {isa = PBXFileReference; fileEncoding = 4; lastKnownFileType = sourcecode.c.h; path = FinderController.h; sourceTree = "<group>"; };
		B933DD691BC6198B00505A8C /* FinderController.m */ = {isa = PBXFileReference; fileEncoding = 4; lastKnownFileType = sourcecode.c.objc; path = FinderController.m; sourceTree = "<group>"; };
		B933DD6E1BC6198B00505A8C /* AppDelegate.h */ = {isa = PBXFileReference; fileEncoding = 4; lastKnownFileType = sourcecode.c.h; path = AppDelegate.h; sourceTree = "<group>"; };
		B933DD6F1BC6198B00505A8C /* AppDelegate.m */ = {isa = PBXFileReference; fileEncoding = 4; lastKnownFileType = sourcecode.c.objc; path = AppDelegate.m; sourceTree = "<group>"; };
		B933DD721BC6198B00505A8C /* CityController.h */ = {isa = PBXFileReference; fileEncoding = 4; lastKnownFileType = sourcecode.c.h; path = CityController.h; sourceTree = "<group>"; };
		B933DD731BC6198B00505A8C /* CityController.m */ = {isa = PBXFileReference; fileEncoding = 4; lastKnownFileType = sourcecode.c.objc; path = CityController.m; sourceTree = "<group>"; };
		B933DD751BC6198B00505A8C /* CityData.h */ = {isa = PBXFileReference; fileEncoding = 4; lastKnownFileType = sourcecode.c.h; path = CityData.h; sourceTree = "<group>"; };
		B933DD761BC6198B00505A8C /* CityData.m */ = {isa = PBXFileReference; fileEncoding = 4; lastKnownFileType = sourcecode.c.objc; path = CityData.m; sourceTree = "<group>"; };
		B933DD781BC6198B00505A8C /* main.m */ = {isa = PBXFileReference; fileEncoding = 4; lastKnownFileType = sourcecode.c.objc; path = main.m; sourceTree = "<group>"; };
		B933DD7B1BC6198B00505A8C /* RootViewController.h */ = {isa = PBXFileReference; fileEncoding = 4; lastKnownFileType = sourcecode.c.h; path = RootViewController.h; sourceTree = "<group>"; };
		B933DD7C1BC6198B00505A8C /* RootViewController.m */ = {isa = PBXFileReference; fileEncoding = 4; lastKnownFileType = sourcecode.c.objc; path = RootViewController.m; sourceTree = "<group>"; };
		B933DD7F1BC6198B00505A8C /* HYTabBar.h */ = {isa = PBXFileReference; fileEncoding = 4; lastKnownFileType = sourcecode.c.h; path = HYTabBar.h; sourceTree = "<group>"; };
		B933DD801BC6198B00505A8C /* HYTabBar.m */ = {isa = PBXFileReference; fileEncoding = 4; lastKnownFileType = sourcecode.c.objc; path = HYTabBar.m; sourceTree = "<group>"; };
		B933DD811BC6198B00505A8C /* HYTabBarButton.h */ = {isa = PBXFileReference; fileEncoding = 4; lastKnownFileType = sourcecode.c.h; path = HYTabBarButton.h; sourceTree = "<group>"; };
		B933DD821BC6198B00505A8C /* HYTabBarButton.m */ = {isa = PBXFileReference; fileEncoding = 4; lastKnownFileType = sourcecode.c.objc; path = HYTabBarButton.m; sourceTree = "<group>"; };
		B933DD891BC6198B00505A8C /* MoviesViewController.h */ = {isa = PBXFileReference; fileEncoding = 4; lastKnownFileType = sourcecode.c.h; path = MoviesViewController.h; sourceTree = "<group>"; };
		B933DD8A1BC6198B00505A8C /* MoviesViewController.m */ = {isa = PBXFileReference; fileEncoding = 4; lastKnownFileType = sourcecode.c.objc; path = MoviesViewController.m; sourceTree = "<group>"; };
		B933DD8C1BC6198B00505A8C /* DealsData.h */ = {isa = PBXFileReference; fileEncoding = 4; lastKnownFileType = sourcecode.c.h; path = DealsData.h; sourceTree = "<group>"; };
		B933DD8D1BC6198B00505A8C /* DealsData.m */ = {isa = PBXFileReference; fileEncoding = 4; lastKnownFileType = sourcecode.c.objc; path = DealsData.m; sourceTree = "<group>"; };
		B933DD8E1BC6198B00505A8C /* MoviesData.h */ = {isa = PBXFileReference; fileEncoding = 4; lastKnownFileType = sourcecode.c.h; path = MoviesData.h; sourceTree = "<group>"; };
		B933DD8F1BC6198B00505A8C /* MoviesData.m */ = {isa = PBXFileReference; fileEncoding = 4; lastKnownFileType = sourcecode.c.objc; path = MoviesData.m; sourceTree = "<group>"; };
		B933DD921BC6198B00505A8C /* DropActionButton.h */ = {isa = PBXFileReference; fileEncoding = 4; lastKnownFileType = sourcecode.c.h; path = DropActionButton.h; sourceTree = "<group>"; };
		B933DD931BC6198B00505A8C /* DropActionButton.m */ = {isa = PBXFileReference; fileEncoding = 4; lastKnownFileType = sourcecode.c.objc; path = DropActionButton.m; sourceTree = "<group>"; };
		B933DD941BC6198B00505A8C /* DropActionView.h */ = {isa = PBXFileReference; fileEncoding = 4; lastKnownFileType = sourcecode.c.h; path = DropActionView.h; sourceTree = "<group>"; };
		B933DD951BC6198B00505A8C /* DropActionView.m */ = {isa = PBXFileReference; fileEncoding = 4; lastKnownFileType = sourcecode.c.objc; path = DropActionView.m; sourceTree = "<group>"; };
		B933DD961BC6198B00505A8C /* DropButton.h */ = {isa = PBXFileReference; fileEncoding = 4; lastKnownFileType = sourcecode.c.h; path = DropButton.h; sourceTree = "<group>"; };
		B933DD971BC6198B00505A8C /* DropButton.m */ = {isa = PBXFileReference; fileEncoding = 4; lastKnownFileType = sourcecode.c.objc; path = DropButton.m; sourceTree = "<group>"; };
		B933DD981BC6198B00505A8C /* DropDownMenuView.h */ = {isa = PBXFileReference; fileEncoding = 4; lastKnownFileType = sourcecode.c.h; path = DropDownMenuView.h; sourceTree = "<group>"; };
		B933DD991BC6198B00505A8C /* DropDownMenuView.m */ = {isa = PBXFileReference; fileEncoding = 4; lastKnownFileType = sourcecode.c.objc; path = DropDownMenuView.m; sourceTree = "<group>"; };
		B933DD9B1BC6198B00505A8C /* SlideButton.h */ = {isa = PBXFileReference; fileEncoding = 4; lastKnownFileType = sourcecode.c.h; path = SlideButton.h; sourceTree = "<group>"; };
		B933DD9C1BC6198B00505A8C /* SlideButton.m */ = {isa = PBXFileReference; fileEncoding = 4; lastKnownFileType = sourcecode.c.objc; path = SlideButton.m; sourceTree = "<group>"; };
		B933DD9D1BC6198B00505A8C /* SlideView.h */ = {isa = PBXFileReference; fileEncoding = 4; lastKnownFileType = sourcecode.c.h; path = SlideView.h; sourceTree = "<group>"; };
		B933DD9E1BC6198B00505A8C /* SlideView.m */ = {isa = PBXFileReference; fileEncoding = 4; lastKnownFileType = sourcecode.c.objc; path = SlideView.m; sourceTree = "<group>"; };
		B933DDA11BC6198B00505A8C /* ShowmoiveTableViewController.h */ = {isa = PBXFileReference; fileEncoding = 4; lastKnownFileType = sourcecode.c.h; path = ShowmoiveTableViewController.h; sourceTree = "<group>"; };
		B933DDA21BC6198B00505A8C /* ShowmoiveTableViewController.m */ = {isa = PBXFileReference; fileEncoding = 4; lastKnownFileType = sourcecode.c.objc; path = ShowmoiveTableViewController.m; sourceTree = "<group>"; };
		B933DDA51BC6198B00505A8C /* ShowMovieCell.h */ = {isa = PBXFileReference; fileEncoding = 4; lastKnownFileType = sourcecode.c.h; path = ShowMovieCell.h; sourceTree = "<group>"; };
		B933DDA61BC6198B00505A8C /* ShowMovieCell.m */ = {isa = PBXFileReference; fileEncoding = 4; lastKnownFileType = sourcecode.c.objc; path = ShowMovieCell.m; sourceTree = "<group>"; };
		B933DDA71BC6198B00505A8C /* ShowMovieCell.xib */ = {isa = PBXFileReference; fileEncoding = 4; lastKnownFileType = file.xib; path = ShowMovieCell.xib; sourceTree = "<group>"; };
		B933DDA91BC6198B00505A8C /* TopMovieViewController.h */ = {isa = PBXFileReference; fileEncoding = 4; lastKnownFileType = sourcecode.c.h; path = TopMovieViewController.h; sourceTree = "<group>"; };
		B933DDAA1BC6198B00505A8C /* TopMovieViewController.m */ = {isa = PBXFileReference; fileEncoding = 4; lastKnownFileType = sourcecode.c.objc; path = TopMovieViewController.m; sourceTree = "<group>"; };
		B933DDAC1BC6198B00505A8C /* WillMovieViewController.h */ = {isa = PBXFileReference; fileEncoding = 4; lastKnownFileType = sourcecode.c.h; path = WillMovieViewController.h; sourceTree = "<group>"; };
		B933DDAD1BC6198B00505A8C /* WillMovieViewController.m */ = {isa = PBXFileReference; fileEncoding = 4; lastKnownFileType = sourcecode.c.objc; path = WillMovieViewController.m; sourceTree = "<group>"; };
		B985F0601BC355A700B1E2AF /* HY_XXT.app */ = {isa = PBXFileReference; explicitFileType = wrapper.application; includeInIndex = 0; path = HY_XXT.app; sourceTree = BUILT_PRODUCTS_DIR; };
		B985F0641BC355A700B1E2AF /* Info.plist */ = {isa = PBXFileReference; lastKnownFileType = text.plist.xml; path = Info.plist; sourceTree = "<group>"; };
		B985F06B1BC355A700B1E2AF /* HY_XXT.xcdatamodel */ = {isa = PBXFileReference; lastKnownFileType = wrapper.xcdatamodel; path = HY_XXT.xcdatamodel; sourceTree = "<group>"; };
		B985F0711BC355A700B1E2AF /* Base */ = {isa = PBXFileReference; lastKnownFileType = file.storyboard; name = Base; path = Base.lproj/Main.storyboard; sourceTree = "<group>"; };
		B985F0731BC355A700B1E2AF /* Images.xcassets */ = {isa = PBXFileReference; lastKnownFileType = folder.assetcatalog; path = Images.xcassets; sourceTree = "<group>"; };
		B985F0761BC355A700B1E2AF /* Base */ = {isa = PBXFileReference; lastKnownFileType = file.xib; name = Base; path = Base.lproj/LaunchScreen.xib; sourceTree = "<group>"; };
		B985F07C1BC355A700B1E2AF /* HY_XXTTests.xctest */ = {isa = PBXFileReference; explicitFileType = wrapper.cfbundle; includeInIndex = 0; path = HY_XXTTests.xctest; sourceTree = BUILT_PRODUCTS_DIR; };
		B985F0811BC355A700B1E2AF /* Info.plist */ = {isa = PBXFileReference; lastKnownFileType = text.plist.xml; path = Info.plist; sourceTree = "<group>"; };
		B985F0821BC355A700B1E2AF /* HY_XXTTests.m */ = {isa = PBXFileReference; lastKnownFileType = sourcecode.c.objc; path = HY_XXTTests.m; sourceTree = "<group>"; };
		B994BE001BC75CBB00DD44A3 /* MKAnnotationView+WebCache.h */ = {isa = PBXFileReference; fileEncoding = 4; lastKnownFileType = sourcecode.c.h; path = "MKAnnotationView+WebCache.h"; sourceTree = "<group>"; };
		B994BE011BC75CBB00DD44A3 /* MKAnnotationView+WebCache.m */ = {isa = PBXFileReference; fileEncoding = 4; lastKnownFileType = sourcecode.c.objc; path = "MKAnnotationView+WebCache.m"; sourceTree = "<group>"; };
		B994BE021BC75CBB00DD44A3 /* NSData+ImageContentType.h */ = {isa = PBXFileReference; fileEncoding = 4; lastKnownFileType = sourcecode.c.h; path = "NSData+ImageContentType.h"; sourceTree = "<group>"; };
		B994BE031BC75CBB00DD44A3 /* NSData+ImageContentType.m */ = {isa = PBXFileReference; fileEncoding = 4; lastKnownFileType = sourcecode.c.objc; path = "NSData+ImageContentType.m"; sourceTree = "<group>"; };
		B994BE041BC75CBB00DD44A3 /* SDImageCache.h */ = {isa = PBXFileReference; fileEncoding = 4; lastKnownFileType = sourcecode.c.h; path = SDImageCache.h; sourceTree = "<group>"; };
		B994BE051BC75CBB00DD44A3 /* SDImageCache.m */ = {isa = PBXFileReference; fileEncoding = 4; lastKnownFileType = sourcecode.c.objc; path = SDImageCache.m; sourceTree = "<group>"; };
		B994BE061BC75CBB00DD44A3 /* SDWebImageCompat.h */ = {isa = PBXFileReference; fileEncoding = 4; lastKnownFileType = sourcecode.c.h; path = SDWebImageCompat.h; sourceTree = "<group>"; };
		B994BE071BC75CBB00DD44A3 /* SDWebImageCompat.m */ = {isa = PBXFileReference; fileEncoding = 4; lastKnownFileType = sourcecode.c.objc; path = SDWebImageCompat.m; sourceTree = "<group>"; };
		B994BE081BC75CBB00DD44A3 /* SDWebImageDecoder.h */ = {isa = PBXFileReference; fileEncoding = 4; lastKnownFileType = sourcecode.c.h; path = SDWebImageDecoder.h; sourceTree = "<group>"; };
		B994BE091BC75CBB00DD44A3 /* SDWebImageDecoder.m */ = {isa = PBXFileReference; fileEncoding = 4; lastKnownFileType = sourcecode.c.objc; path = SDWebImageDecoder.m; sourceTree = "<group>"; };
		B994BE0A1BC75CBB00DD44A3 /* SDWebImageDownloader.h */ = {isa = PBXFileReference; fileEncoding = 4; lastKnownFileType = sourcecode.c.h; path = SDWebImageDownloader.h; sourceTree = "<group>"; };
		B994BE0B1BC75CBB00DD44A3 /* SDWebImageDownloader.m */ = {isa = PBXFileReference; fileEncoding = 4; lastKnownFileType = sourcecode.c.objc; path = SDWebImageDownloader.m; sourceTree = "<group>"; };
		B994BE0C1BC75CBB00DD44A3 /* SDWebImageDownloaderOperation.h */ = {isa = PBXFileReference; fileEncoding = 4; lastKnownFileType = sourcecode.c.h; path = SDWebImageDownloaderOperation.h; sourceTree = "<group>"; };
		B994BE0D1BC75CBB00DD44A3 /* SDWebImageDownloaderOperation.m */ = {isa = PBXFileReference; fileEncoding = 4; lastKnownFileType = sourcecode.c.objc; path = SDWebImageDownloaderOperation.m; sourceTree = "<group>"; };
		B994BE0E1BC75CBB00DD44A3 /* SDWebImageManager.h */ = {isa = PBXFileReference; fileEncoding = 4; lastKnownFileType = sourcecode.c.h; path = SDWebImageManager.h; sourceTree = "<group>"; };
		B994BE0F1BC75CBB00DD44A3 /* SDWebImageManager.m */ = {isa = PBXFileReference; fileEncoding = 4; lastKnownFileType = sourcecode.c.objc; path = SDWebImageManager.m; sourceTree = "<group>"; };
		B994BE101BC75CBB00DD44A3 /* SDWebImageOperation.h */ = {isa = PBXFileReference; fileEncoding = 4; lastKnownFileType = sourcecode.c.h; path = SDWebImageOperation.h; sourceTree = "<group>"; };
		B994BE111BC75CBB00DD44A3 /* SDWebImagePrefetcher.h */ = {isa = PBXFileReference; fileEncoding = 4; lastKnownFileType = sourcecode.c.h; path = SDWebImagePrefetcher.h; sourceTree = "<group>"; };
		B994BE121BC75CBB00DD44A3 /* SDWebImagePrefetcher.m */ = {isa = PBXFileReference; fileEncoding = 4; lastKnownFileType = sourcecode.c.objc; path = SDWebImagePrefetcher.m; sourceTree = "<group>"; };
		B994BE131BC75CBB00DD44A3 /* UIButton+WebCache.h */ = {isa = PBXFileReference; fileEncoding = 4; lastKnownFileType = sourcecode.c.h; path = "UIButton+WebCache.h"; sourceTree = "<group>"; };
		B994BE141BC75CBB00DD44A3 /* UIButton+WebCache.m */ = {isa = PBXFileReference; fileEncoding = 4; lastKnownFileType = sourcecode.c.objc; path = "UIButton+WebCache.m"; sourceTree = "<group>"; };
		B994BE151BC75CBB00DD44A3 /* UIImage+GIF.h */ = {isa = PBXFileReference; fileEncoding = 4; lastKnownFileType = sourcecode.c.h; path = "UIImage+GIF.h"; sourceTree = "<group>"; };
		B994BE161BC75CBB00DD44A3 /* UIImage+GIF.m */ = {isa = PBXFileReference; fileEncoding = 4; lastKnownFileType = sourcecode.c.objc; path = "UIImage+GIF.m"; sourceTree = "<group>"; };
		B994BE171BC75CBB00DD44A3 /* UIImage+MultiFormat.h */ = {isa = PBXFileReference; fileEncoding = 4; lastKnownFileType = sourcecode.c.h; path = "UIImage+MultiFormat.h"; sourceTree = "<group>"; };
		B994BE181BC75CBB00DD44A3 /* UIImage+MultiFormat.m */ = {isa = PBXFileReference; fileEncoding = 4; lastKnownFileType = sourcecode.c.objc; path = "UIImage+MultiFormat.m"; sourceTree = "<group>"; };
		B994BE191BC75CBB00DD44A3 /* UIImage+WebP.h */ = {isa = PBXFileReference; fileEncoding = 4; lastKnownFileType = sourcecode.c.h; path = "UIImage+WebP.h"; sourceTree = "<group>"; };
		B994BE1A1BC75CBB00DD44A3 /* UIImage+WebP.m */ = {isa = PBXFileReference; fileEncoding = 4; lastKnownFileType = sourcecode.c.objc; path = "UIImage+WebP.m"; sourceTree = "<group>"; };
		B994BE1B1BC75CBB00DD44A3 /* UIImageView+HighlightedWebCache.h */ = {isa = PBXFileReference; fileEncoding = 4; lastKnownFileType = sourcecode.c.h; path = "UIImageView+HighlightedWebCache.h"; sourceTree = "<group>"; };
		B994BE1C1BC75CBB00DD44A3 /* UIImageView+HighlightedWebCache.m */ = {isa = PBXFileReference; fileEncoding = 4; lastKnownFileType = sourcecode.c.objc; path = "UIImageView+HighlightedWebCache.m"; sourceTree = "<group>"; };
		B994BE1D1BC75CBB00DD44A3 /* UIImageView+WebCache.h */ = {isa = PBXFileReference; fileEncoding = 4; lastKnownFileType = sourcecode.c.h; path = "UIImageView+WebCache.h"; sourceTree = "<group>"; };
		B994BE1E1BC75CBB00DD44A3 /* UIImageView+WebCache.m */ = {isa = PBXFileReference; fileEncoding = 4; lastKnownFileType = sourcecode.c.objc; path = "UIImageView+WebCache.m"; sourceTree = "<group>"; };
		B994BE1F1BC75CBB00DD44A3 /* UIView+WebCacheOperation.h */ = {isa = PBXFileReference; fileEncoding = 4; lastKnownFileType = sourcecode.c.h; path = "UIView+WebCacheOperation.h"; sourceTree = "<group>"; };
		B994BE201BC75CBB00DD44A3 /* UIView+WebCacheOperation.m */ = {isa = PBXFileReference; fileEncoding = 4; lastKnownFileType = sourcecode.c.objc; path = "UIView+WebCacheOperation.m"; sourceTree = "<group>"; };
		B994BE311BC76DB000DD44A3 /* MovieIcon.h */ = {isa = PBXFileReference; fileEncoding = 4; lastKnownFileType = sourcecode.c.h; path = MovieIcon.h; sourceTree = "<group>"; };
		B994BE321BC76DB000DD44A3 /* MovieIcon.m */ = {isa = PBXFileReference; fileEncoding = 4; lastKnownFileType = sourcecode.c.objc; path = MovieIcon.m; sourceTree = "<group>"; };
		B994BE341BC76FBC00DD44A3 /* CommonData.h */ = {isa = PBXFileReference; fileEncoding = 4; lastKnownFileType = sourcecode.c.h; path = CommonData.h; sourceTree = "<group>"; };
		B994BE351BC76FBC00DD44A3 /* CommonData.m */ = {isa = PBXFileReference; fileEncoding = 4; lastKnownFileType = sourcecode.c.objc; path = CommonData.m; sourceTree = "<group>"; };
		B994BE3D1BC7AF9600DD44A3 /* StrForDic.h */ = {isa = PBXFileReference; fileEncoding = 4; lastKnownFileType = sourcecode.c.h; path = StrForDic.h; sourceTree = "<group>"; };
		B994BE3E1BC7AF9600DD44A3 /* StrForDic.m */ = {isa = PBXFileReference; fileEncoding = 4; lastKnownFileType = sourcecode.c.objc; path = StrForDic.m; sourceTree = "<group>"; };
		B994BE411BC7BB8400DD44A3 /* CinemaController.h */ = {isa = PBXFileReference; fileEncoding = 4; lastKnownFileType = sourcecode.c.h; path = CinemaController.h; sourceTree = "<group>"; };
		B994BE421BC7BB8400DD44A3 /* CinemaController.m */ = {isa = PBXFileReference; fileEncoding = 4; lastKnownFileType = sourcecode.c.objc; path = CinemaController.m; sourceTree = "<group>"; };
		B994BE461BC7BBA600DD44A3 /* RequsetCinema.h */ = {isa = PBXFileReference; fileEncoding = 4; lastKnownFileType = sourcecode.c.h; path = RequsetCinema.h; sourceTree = "<group>"; };
		B994BE471BC7BBA600DD44A3 /* RequsetCinema.m */ = {isa = PBXFileReference; fileEncoding = 4; lastKnownFileType = sourcecode.c.objc; path = RequsetCinema.m; sourceTree = "<group>"; };
		B994BE491BC7BBB200DD44A3 /* CinemaData.h */ = {isa = PBXFileReference; fileEncoding = 4; lastKnownFileType = sourcecode.c.h; path = CinemaData.h; sourceTree = "<group>"; };
		B994BE4A1BC7BBB200DD44A3 /* CinemaData.m */ = {isa = PBXFileReference; fileEncoding = 4; lastKnownFileType = sourcecode.c.objc; path = CinemaData.m; sourceTree = "<group>"; };
		B994BE4F1BC7BD9200DD44A3 /* CinemaCell.h */ = {isa = PBXFileReference; fileEncoding = 4; lastKnownFileType = sourcecode.c.h; path = CinemaCell.h; sourceTree = "<group>"; };
		B994BE501BC7BD9200DD44A3 /* CinemaCell.m */ = {isa = PBXFileReference; fileEncoding = 4; lastKnownFileType = sourcecode.c.objc; path = CinemaCell.m; sourceTree = "<group>"; };
		B994BE541BC7F00200DD44A3 /* TitleLabel.h */ = {isa = PBXFileReference; fileEncoding = 4; lastKnownFileType = sourcecode.c.h; path = TitleLabel.h; sourceTree = "<group>"; };
		B994BE551BC7F00200DD44A3 /* TitleLabel.m */ = {isa = PBXFileReference; fileEncoding = 4; lastKnownFileType = sourcecode.c.objc; path = TitleLabel.m; sourceTree = "<group>"; };
		B994BE571BC7F79100DD44A3 /* DesceiphionData.h */ = {isa = PBXFileReference; fileEncoding = 4; lastKnownFileType = sourcecode.c.h; path = DesceiphionData.h; sourceTree = "<group>"; };
		B994BE581BC7F79100DD44A3 /* DesceiphionData.m */ = {isa = PBXFileReference; fileEncoding = 4; lastKnownFileType = sourcecode.c.objc; path = DesceiphionData.m; sourceTree = "<group>"; };
		B99F18E11BC61A2300A38F5E /* HYPrefixHeader.pch */ = {isa = PBXFileReference; lastKnownFileType = sourcecode.c.h; name = HYPrefixHeader.pch; path = Classes/HYPrefixHeader.pch; sourceTree = "<group>"; };
		B99F18E21BC61AE100A38F5E /* DropData.h */ = {isa = PBXFileReference; fileEncoding = 4; lastKnownFileType = sourcecode.c.h; path = DropData.h; sourceTree = "<group>"; };
		B99F18E31BC61AE100A38F5E /* DropData.m */ = {isa = PBXFileReference; fileEncoding = 4; lastKnownFileType = sourcecode.c.objc; path = DropData.m; sourceTree = "<group>"; };
		B99F18E51BC61B5900A38F5E /* DropCityData.h */ = {isa = PBXFileReference; fileEncoding = 4; lastKnownFileType = sourcecode.c.h; path = DropCityData.h; sourceTree = "<group>"; };
		B99F18E61BC61B5900A38F5E /* DropCityData.m */ = {isa = PBXFileReference; fileEncoding = 4; lastKnownFileType = sourcecode.c.objc; path = DropCityData.m; sourceTree = "<group>"; };
		B99F18E81BC61BA200A38F5E /* DropAreaData.h */ = {isa = PBXFileReference; fileEncoding = 4; lastKnownFileType = sourcecode.c.h; path = DropAreaData.h; sourceTree = "<group>"; };
		B99F18E91BC61BA200A38F5E /* DropAreaData.m */ = {isa = PBXFileReference; fileEncoding = 4; lastKnownFileType = sourcecode.c.objc; path = DropAreaData.m; sourceTree = "<group>"; };
		B99F18EB1BC61BCA00A38F5E /* DropSubwayData.h */ = {isa = PBXFileReference; fileEncoding = 4; lastKnownFileType = sourcecode.c.h; path = DropSubwayData.h; sourceTree = "<group>"; };
		B99F18EC1BC61BCA00A38F5E /* DropSubwayData.m */ = {isa = PBXFileReference; fileEncoding = 4; lastKnownFileType = sourcecode.c.objc; path = DropSubwayData.m; sourceTree = "<group>"; };
		B99F18EE1BC69ACC00A38F5E /* ReqShowMoiveData.h */ = {isa = PBXFileReference; fileEncoding = 4; lastKnownFileType = sourcecode.c.h; path = ReqShowMoiveData.h; sourceTree = "<group>"; };
		B99F18EF1BC69ACC00A38F5E /* ReqShowMoiveData.m */ = {isa = PBXFileReference; fileEncoding = 4; lastKnownFileType = sourcecode.c.objc; path = ReqShowMoiveData.m; sourceTree = "<group>"; };
		B99F18F11BC69AE400A38F5E /* ShowMoiveData.h */ = {isa = PBXFileReference; fileEncoding = 4; lastKnownFileType = sourcecode.c.h; path = ShowMoiveData.h; sourceTree = "<group>"; };
		B99F18F21BC69AE400A38F5E /* ShowMoiveData.m */ = {isa = PBXFileReference; fileEncoding = 4; lastKnownFileType = sourcecode.c.objc; path = ShowMoiveData.m; sourceTree = "<group>"; };
		B99F18F81BC69EB300A38F5E /* libxml2.2.dylib */ = {isa = PBXFileReference; lastKnownFileType = "compiled.mach-o.dylib"; name = libxml2.2.dylib; path = usr/lib/libxml2.2.dylib; sourceTree = SDKROOT; };
		B9E270BF1BC3A049007372FE /* Security.framework */ = {isa = PBXFileReference; lastKnownFileType = wrapper.framework; name = Security.framework; path = System/Library/Frameworks/Security.framework; sourceTree = SDKROOT; };
		B9E270C11BC3A052007372FE /* MobileCoreServices.framework */ = {isa = PBXFileReference; lastKnownFileType = wrapper.framework; name = MobileCoreServices.framework; path = System/Library/Frameworks/MobileCoreServices.framework; sourceTree = SDKROOT; };
		B9E270C31BC3A05B007372FE /* SystemConfiguration.framework */ = {isa = PBXFileReference; lastKnownFileType = wrapper.framework; name = SystemConfiguration.framework; path = System/Library/Frameworks/SystemConfiguration.framework; sourceTree = SDKROOT; };
/* End PBXFileReference section */

/* Begin PBXFrameworksBuildPhase section */
		B985F05D1BC355A700B1E2AF /* Frameworks */ = {
			isa = PBXFrameworksBuildPhase;
			buildActionMask = 2147483647;
			files = (
				B99F18F91BC69EB300A38F5E /* libxml2.2.dylib in Frameworks */,
				B9E270C41BC3A05B007372FE /* SystemConfiguration.framework in Frameworks */,
				B9E270C21BC3A052007372FE /* MobileCoreServices.framework in Frameworks */,
				B9E270C01BC3A049007372FE /* Security.framework in Frameworks */,
			);
			runOnlyForDeploymentPostprocessing = 0;
		};
		B985F0791BC355A700B1E2AF /* Frameworks */ = {
			isa = PBXFrameworksBuildPhase;
			buildActionMask = 2147483647;
			files = (
			);
			runOnlyForDeploymentPostprocessing = 0;
		};
/* End PBXFrameworksBuildPhase section */

/* Begin PBXGroup section */
		B933DD2E1BC6198B00505A8C /* Classes */ = {
			isa = PBXGroup;
			children = (
				B933DD2F1BC6198B00505A8C /* Activity */,
				B933DD351BC6198B00505A8C /* Calendar */,
				B933DD3B1BC6198B00505A8C /* Common */,
				B933DD661BC6198B00505A8C /* Finder */,
				B933DD6D1BC6198B00505A8C /* Main */,
				B933DD831BC6198B00505A8C /* Movie */,
			);
			path = Classes;
			sourceTree = "<group>";
		};
		B933DD2F1BC6198B00505A8C /* Activity */ = {
			isa = PBXGroup;
			children = (
				B933DD301BC6198B00505A8C /* Controller */,
				B933DD331BC6198B00505A8C /* Model */,
				B933DD341BC6198B00505A8C /* View */,
			);
			path = Activity;
			sourceTree = "<group>";
		};
		B933DD301BC6198B00505A8C /* Controller */ = {
			isa = PBXGroup;
			children = (
				B933DD311BC6198B00505A8C /* ActivityController.h */,
				B933DD321BC6198B00505A8C /* ActivityController.m */,
			);
			path = Controller;
			sourceTree = "<group>";
		};
		B933DD331BC6198B00505A8C /* Model */ = {
			isa = PBXGroup;
			children = (
			);
			path = Model;
			sourceTree = "<group>";
		};
		B933DD341BC6198B00505A8C /* View */ = {
			isa = PBXGroup;
			children = (
			);
			path = View;
			sourceTree = "<group>";
		};
		B933DD351BC6198B00505A8C /* Calendar */ = {
			isa = PBXGroup;
			children = (
				B933DD361BC6198B00505A8C /* Controller */,
				B933DD391BC6198B00505A8C /* Model */,
				B933DD3A1BC6198B00505A8C /* View */,
			);
			path = Calendar;
			sourceTree = "<group>";
		};
		B933DD361BC6198B00505A8C /* Controller */ = {
			isa = PBXGroup;
			children = (
				B933DD371BC6198B00505A8C /* CalenderController.h */,
				B933DD381BC6198B00505A8C /* CalenderController.m */,
			);
			path = Controller;
			sourceTree = "<group>";
		};
		B933DD391BC6198B00505A8C /* Model */ = {
			isa = PBXGroup;
			children = (
			);
			path = Model;
			sourceTree = "<group>";
		};
		B933DD3A1BC6198B00505A8C /* View */ = {
			isa = PBXGroup;
			children = (
			);
			path = View;
			sourceTree = "<group>";
		};
		B933DD3B1BC6198B00505A8C /* Common */ = {
			isa = PBXGroup;
			children = (
				B933DD3C1BC6198B00505A8C /* GWL */,
				B933DD4B1BC6198B00505A8C /* NetworkRequest  */,
				B933DD4E1BC6198B00505A8C /* QXBModelTool */,
				B933DD511BC6198B00505A8C /* ThirdFrame */,
			);
			path = Common;
			sourceTree = "<group>";
		};
		B933DD3C1BC6198B00505A8C /* GWL */ = {
			isa = PBXGroup;
			children = (
				B933DD3D1BC6198B00505A8C /* 商圈.xml */,
				B933DD3E1BC6198B00505A8C /* 城市.xml */,
				B933DD3F1BC6198B00505A8C /* playinfo.json */,
				B933DD401BC6198B00505A8C /* 地铁.xml */,
				B933DD411BC6198B00505A8C /* 发现-活动.xml */,
				B933DD421BC6198B00505A8C /* 发现-电影.xml */,
				B933DD431BC6198B00505A8C /* 影效.json */,
				B933DD441BC6198B00505A8C /* 活动-活动.xml */,
				B933DD451BC6198B00505A8C /* 活动-轮播.xml */,
				B933DD461BC6198B00505A8C /* 购票-即将上映.xml */,
				B933DD471BC6198B00505A8C /* 购票-影院.xml */,
				B933DD481BC6198B00505A8C /* 购票-排行.xml */,
				B933DD491BC6198B00505A8C /* 购票-热映.xml */,
				B933DD4A1BC6198B00505A8C /* 音效.xml */,
			);
			path = GWL;
			sourceTree = "<group>";
		};
		B933DD4B1BC6198B00505A8C /* NetworkRequest  */ = {
			isa = PBXGroup;
			children = (
				B933DD4C1BC6198B00505A8C /* AFNReuest.h */,
				B933DD4D1BC6198B00505A8C /* AFNReuest.m */,
				B994BE311BC76DB000DD44A3 /* MovieIcon.h */,
				B994BE321BC76DB000DD44A3 /* MovieIcon.m */,
				B994BE341BC76FBC00DD44A3 /* CommonData.h */,
				B994BE351BC76FBC00DD44A3 /* CommonData.m */,
				B994BE3D1BC7AF9600DD44A3 /* StrForDic.h */,
				B994BE3E1BC7AF9600DD44A3 /* StrForDic.m */,
			);
			path = "NetworkRequest ";
			sourceTree = "<group>";
		};
		B933DD4E1BC6198B00505A8C /* QXBModelTool */ = {
			isa = PBXGroup;
			children = (
				B933DD4F1BC6198B00505A8C /* QXBModelTool.h */,
				B933DD501BC6198B00505A8C /* QXBModelTool.m */,
			);
			path = QXBModelTool;
			sourceTree = "<group>";
		};
		B933DD511BC6198B00505A8C /* ThirdFrame */ = {
			isa = PBXGroup;
			children = (
				B994BDFF1BC75CBB00DD44A3 /* SDWebImage */,
				B933DD521BC6198B00505A8C /* AFNetworking */,
			);
			path = ThirdFrame;
			sourceTree = "<group>";
		};
		B933DD521BC6198B00505A8C /* AFNetworking */ = {
			isa = PBXGroup;
			children = (
				B933DD531BC6198B00505A8C /* AFHTTPRequestOperation.h */,
				B933DD541BC6198B00505A8C /* AFHTTPRequestOperation.m */,
				B933DD551BC6198B00505A8C /* AFHTTPRequestOperationManager.h */,
				B933DD561BC6198B00505A8C /* AFHTTPRequestOperationManager.m */,
				B933DD571BC6198B00505A8C /* AFHTTPSessionManager.h */,
				B933DD581BC6198B00505A8C /* AFHTTPSessionManager.m */,
				B933DD591BC6198B00505A8C /* AFNetworking.h */,
				B933DD5A1BC6198B00505A8C /* AFNetworkReachabilityManager.h */,
				B933DD5B1BC6198B00505A8C /* AFNetworkReachabilityManager.m */,
				B933DD5C1BC6198B00505A8C /* AFSecurityPolicy.h */,
				B933DD5D1BC6198B00505A8C /* AFSecurityPolicy.m */,
				B933DD5E1BC6198B00505A8C /* AFURLConnectionOperation.h */,
				B933DD5F1BC6198B00505A8C /* AFURLConnectionOperation.m */,
				B933DD601BC6198B00505A8C /* AFURLRequestSerialization.h */,
				B933DD611BC6198B00505A8C /* AFURLRequestSerialization.m */,
				B933DD621BC6198B00505A8C /* AFURLResponseSerialization.h */,
				B933DD631BC6198B00505A8C /* AFURLResponseSerialization.m */,
				B933DD641BC6198B00505A8C /* AFURLSessionManager.h */,
				B933DD651BC6198B00505A8C /* AFURLSessionManager.m */,
			);
			path = AFNetworking;
			sourceTree = "<group>";
		};
		B933DD661BC6198B00505A8C /* Finder */ = {
			isa = PBXGroup;
			children = (
				B933DD671BC6198B00505A8C /* Controller */,
				B933DD6A1BC6198B00505A8C /* Model */,
				B933DD6B1BC6198B00505A8C /* View */,
			);
			path = Finder;
			sourceTree = "<group>";
		};
		B933DD671BC6198B00505A8C /* Controller */ = {
			isa = PBXGroup;
			children = (
				B933DD681BC6198B00505A8C /* FinderController.h */,
				B933DD691BC6198B00505A8C /* FinderController.m */,
			);
			path = Controller;
			sourceTree = "<group>";
		};
		B933DD6A1BC6198B00505A8C /* Model */ = {
			isa = PBXGroup;
			children = (
			);
			path = Model;
			sourceTree = "<group>";
		};
		B933DD6B1BC6198B00505A8C /* View */ = {
			isa = PBXGroup;
			children = (
			);
			path = View;
			sourceTree = "<group>";
		};
		B933DD6D1BC6198B00505A8C /* Main */ = {
			isa = PBXGroup;
			children = (
				B933DD6E1BC6198B00505A8C /* AppDelegate.h */,
				B933DD6F1BC6198B00505A8C /* AppDelegate.m */,
				B933DD701BC6198B00505A8C /* City */,
				B933DD781BC6198B00505A8C /* main.m */,
				B933DD791BC6198B00505A8C /* Root */,
			);
			path = Main;
			sourceTree = "<group>";
		};
		B933DD701BC6198B00505A8C /* City */ = {
			isa = PBXGroup;
			children = (
				B933DD711BC6198B00505A8C /* Controller */,
				B933DD741BC6198B00505A8C /* Model */,
				B933DD771BC6198B00505A8C /* View */,
			);
			path = City;
			sourceTree = "<group>";
		};
		B933DD711BC6198B00505A8C /* Controller */ = {
			isa = PBXGroup;
			children = (
				B933DD721BC6198B00505A8C /* CityController.h */,
				B933DD731BC6198B00505A8C /* CityController.m */,
			);
			path = Controller;
			sourceTree = "<group>";
		};
		B933DD741BC6198B00505A8C /* Model */ = {
			isa = PBXGroup;
			children = (
				B933DD751BC6198B00505A8C /* CityData.h */,
				B933DD761BC6198B00505A8C /* CityData.m */,
			);
			path = Model;
			sourceTree = "<group>";
		};
		B933DD771BC6198B00505A8C /* View */ = {
			isa = PBXGroup;
			children = (
			);
			path = View;
			sourceTree = "<group>";
		};
		B933DD791BC6198B00505A8C /* Root */ = {
			isa = PBXGroup;
			children = (
				B933DD7A1BC6198B00505A8C /* Controller */,
				B933DD7D1BC6198B00505A8C /* Model */,
				B933DD7E1BC6198B00505A8C /* View */,
			);
			path = Root;
			sourceTree = "<group>";
		};
		B933DD7A1BC6198B00505A8C /* Controller */ = {
			isa = PBXGroup;
			children = (
				B933DD7B1BC6198B00505A8C /* RootViewController.h */,
				B933DD7C1BC6198B00505A8C /* RootViewController.m */,
			);
			path = Controller;
			sourceTree = "<group>";
		};
		B933DD7D1BC6198B00505A8C /* Model */ = {
			isa = PBXGroup;
			children = (
			);
			path = Model;
			sourceTree = "<group>";
		};
		B933DD7E1BC6198B00505A8C /* View */ = {
			isa = PBXGroup;
			children = (
				B933DD7F1BC6198B00505A8C /* HYTabBar.h */,
				B933DD801BC6198B00505A8C /* HYTabBar.m */,
				B933DD811BC6198B00505A8C /* HYTabBarButton.h */,
				B933DD821BC6198B00505A8C /* HYTabBarButton.m */,
			);
			path = View;
			sourceTree = "<group>";
		};
		B933DD831BC6198B00505A8C /* Movie */ = {
			isa = PBXGroup;
			children = (
				B933DD841BC6198B00505A8C /* Cinema */,
				B933DD871BC6198B00505A8C /* MainMovie */,
				B933DD9F1BC6198B00505A8C /* ShowMovie */,
				B933DDA81BC6198B00505A8C /* TopMovie */,
				B933DDAB1BC6198B00505A8C /* WillMovie */,
			);
			path = Movie;
			sourceTree = "<group>";
		};
		B933DD841BC6198B00505A8C /* Cinema */ = {
			isa = PBXGroup;
			children = (
				B994BE401BC7BB8400DD44A3 /* Controller */,
				B994BE431BC7BB8400DD44A3 /* Model */,
				B994BE441BC7BB8400DD44A3 /* View */,
			);
			path = Cinema;
			sourceTree = "<group>";
		};
		B933DD871BC6198B00505A8C /* MainMovie */ = {
			isa = PBXGroup;
			children = (
				B933DD881BC6198B00505A8C /* Controller */,
				B933DD8B1BC6198B00505A8C /* Model */,
				B933DD901BC6198B00505A8C /* View */,
			);
			path = MainMovie;
			sourceTree = "<group>";
		};
		B933DD881BC6198B00505A8C /* Controller */ = {
			isa = PBXGroup;
			children = (
				B933DD891BC6198B00505A8C /* MoviesViewController.h */,
				B933DD8A1BC6198B00505A8C /* MoviesViewController.m */,
			);
			path = Controller;
			sourceTree = "<group>";
		};
		B933DD8B1BC6198B00505A8C /* Model */ = {
			isa = PBXGroup;
			children = (
				B933DD8C1BC6198B00505A8C /* DealsData.h */,
				B933DD8D1BC6198B00505A8C /* DealsData.m */,
				B933DD8E1BC6198B00505A8C /* MoviesData.h */,
				B933DD8F1BC6198B00505A8C /* MoviesData.m */,
				B99F18E21BC61AE100A38F5E /* DropData.h */,
				B99F18E31BC61AE100A38F5E /* DropData.m */,
				B99F18E51BC61B5900A38F5E /* DropCityData.h */,
				B99F18E61BC61B5900A38F5E /* DropCityData.m */,
				B99F18EB1BC61BCA00A38F5E /* DropSubwayData.h */,
				B99F18EC1BC61BCA00A38F5E /* DropSubwayData.m */,
				B99F18E81BC61BA200A38F5E /* DropAreaData.h */,
				B99F18E91BC61BA200A38F5E /* DropAreaData.m */,
			);
			path = Model;
			sourceTree = "<group>";
		};
		B933DD901BC6198B00505A8C /* View */ = {
			isa = PBXGroup;
			children = (
				B933DD911BC6198B00505A8C /* DropMenu */,
				B933DD9A1BC6198B00505A8C /* SlideView */,
			);
			path = View;
			sourceTree = "<group>";
		};
		B933DD911BC6198B00505A8C /* DropMenu */ = {
			isa = PBXGroup;
			children = (
				B933DD921BC6198B00505A8C /* DropActionButton.h */,
				B933DD931BC6198B00505A8C /* DropActionButton.m */,
				B933DD941BC6198B00505A8C /* DropActionView.h */,
				B933DD951BC6198B00505A8C /* DropActionView.m */,
				B933DD961BC6198B00505A8C /* DropButton.h */,
				B933DD971BC6198B00505A8C /* DropButton.m */,
				B933DD981BC6198B00505A8C /* DropDownMenuView.h */,
				B933DD991BC6198B00505A8C /* DropDownMenuView.m */,
			);
			path = DropMenu;
			sourceTree = "<group>";
		};
		B933DD9A1BC6198B00505A8C /* SlideView */ = {
			isa = PBXGroup;
			children = (
				B933DD9B1BC6198B00505A8C /* SlideButton.h */,
				B933DD9C1BC6198B00505A8C /* SlideButton.m */,
				B933DD9D1BC6198B00505A8C /* SlideView.h */,
				B933DD9E1BC6198B00505A8C /* SlideView.m */,
			);
			path = SlideView;
			sourceTree = "<group>";
		};
		B933DD9F1BC6198B00505A8C /* ShowMovie */ = {
			isa = PBXGroup;
			children = (
				B933DDA01BC6198B00505A8C /* Controller */,
				B933DDA31BC6198B00505A8C /* Model */,
				B933DDA41BC6198B00505A8C /* View */,
			);
			path = ShowMovie;
			sourceTree = "<group>";
		};
		B933DDA01BC6198B00505A8C /* Controller */ = {
			isa = PBXGroup;
			children = (
				B933DDA11BC6198B00505A8C /* ShowmoiveTableViewController.h */,
				B933DDA21BC6198B00505A8C /* ShowmoiveTableViewController.m */,
			);
			path = Controller;
			sourceTree = "<group>";
		};
		B933DDA31BC6198B00505A8C /* Model */ = {
			isa = PBXGroup;
			children = (
				B99F18EE1BC69ACC00A38F5E /* ReqShowMoiveData.h */,
				B99F18EF1BC69ACC00A38F5E /* ReqShowMoiveData.m */,
				B99F18F11BC69AE400A38F5E /* ShowMoiveData.h */,
				B99F18F21BC69AE400A38F5E /* ShowMoiveData.m */,
			);
			path = Model;
			sourceTree = "<group>";
		};
		B933DDA41BC6198B00505A8C /* View */ = {
			isa = PBXGroup;
			children = (
				B933DDA51BC6198B00505A8C /* ShowMovieCell.h */,
				B933DDA61BC6198B00505A8C /* ShowMovieCell.m */,
				B933DDA71BC6198B00505A8C /* ShowMovieCell.xib */,
			);
			path = View;
			sourceTree = "<group>";
		};
		B933DDA81BC6198B00505A8C /* TopMovie */ = {
			isa = PBXGroup;
			children = (
				B933DDA91BC6198B00505A8C /* TopMovieViewController.h */,
				B933DDAA1BC6198B00505A8C /* TopMovieViewController.m */,
			);
			path = TopMovie;
			sourceTree = "<group>";
		};
		B933DDAB1BC6198B00505A8C /* WillMovie */ = {
			isa = PBXGroup;
			children = (
				B933DDAC1BC6198B00505A8C /* WillMovieViewController.h */,
				B933DDAD1BC6198B00505A8C /* WillMovieViewController.m */,
			);
			path = WillMovie;
			sourceTree = "<group>";
		};
		B985F0571BC355A700B1E2AF = {
			isa = PBXGroup;
			children = (
				B99F18F81BC69EB300A38F5E /* libxml2.2.dylib */,
				B9E270C31BC3A05B007372FE /* SystemConfiguration.framework */,
				B9E270C11BC3A052007372FE /* MobileCoreServices.framework */,
				B9E270BF1BC3A049007372FE /* Security.framework */,
				B985F0621BC355A700B1E2AF /* HY_XXT */,
				B985F07F1BC355A700B1E2AF /* HY_XXTTests */,
				B985F0611BC355A700B1E2AF /* Products */,
			);
			sourceTree = "<group>";
		};
		B985F0611BC355A700B1E2AF /* Products */ = {
			isa = PBXGroup;
			children = (
				B985F0601BC355A700B1E2AF /* HY_XXT.app */,
				B985F07C1BC355A700B1E2AF /* HY_XXTTests.xctest */,
			);
			name = Products;
			sourceTree = "<group>";
		};
		B985F0621BC355A700B1E2AF /* HY_XXT */ = {
			isa = PBXGroup;
			children = (
				B933DD2E1BC6198B00505A8C /* Classes */,
				B99F18E11BC61A2300A38F5E /* HYPrefixHeader.pch */,
				B985F0701BC355A700B1E2AF /* Main.storyboard */,
				B985F0731BC355A700B1E2AF /* Images.xcassets */,
				B985F0751BC355A700B1E2AF /* LaunchScreen.xib */,
				B985F06A1BC355A700B1E2AF /* HY_XXT.xcdatamodeld */,
				B985F0631BC355A700B1E2AF /* Supporting Files */,
			);
			path = HY_XXT;
			sourceTree = "<group>";
		};
		B985F0631BC355A700B1E2AF /* Supporting Files */ = {
			isa = PBXGroup;
			children = (
				B985F0641BC355A700B1E2AF /* Info.plist */,
			);
			name = "Supporting Files";
			sourceTree = "<group>";
		};
		B985F07F1BC355A700B1E2AF /* HY_XXTTests */ = {
			isa = PBXGroup;
			children = (
				B985F0821BC355A700B1E2AF /* HY_XXTTests.m */,
				B985F0801BC355A700B1E2AF /* Supporting Files */,
			);
			path = HY_XXTTests;
			sourceTree = "<group>";
		};
		B985F0801BC355A700B1E2AF /* Supporting Files */ = {
			isa = PBXGroup;
			children = (
				B985F0811BC355A700B1E2AF /* Info.plist */,
			);
			name = "Supporting Files";
			sourceTree = "<group>";
		};
		B994BDFF1BC75CBB00DD44A3 /* SDWebImage */ = {
			isa = PBXGroup;
			children = (
				B994BE001BC75CBB00DD44A3 /* MKAnnotationView+WebCache.h */,
				B994BE011BC75CBB00DD44A3 /* MKAnnotationView+WebCache.m */,
				B994BE021BC75CBB00DD44A3 /* NSData+ImageContentType.h */,
				B994BE031BC75CBB00DD44A3 /* NSData+ImageContentType.m */,
				B994BE041BC75CBB00DD44A3 /* SDImageCache.h */,
				B994BE051BC75CBB00DD44A3 /* SDImageCache.m */,
				B994BE061BC75CBB00DD44A3 /* SDWebImageCompat.h */,
				B994BE071BC75CBB00DD44A3 /* SDWebImageCompat.m */,
				B994BE081BC75CBB00DD44A3 /* SDWebImageDecoder.h */,
				B994BE091BC75CBB00DD44A3 /* SDWebImageDecoder.m */,
				B994BE0A1BC75CBB00DD44A3 /* SDWebImageDownloader.h */,
				B994BE0B1BC75CBB00DD44A3 /* SDWebImageDownloader.m */,
				B994BE0C1BC75CBB00DD44A3 /* SDWebImageDownloaderOperation.h */,
				B994BE0D1BC75CBB00DD44A3 /* SDWebImageDownloaderOperation.m */,
				B994BE0E1BC75CBB00DD44A3 /* SDWebImageManager.h */,
				B994BE0F1BC75CBB00DD44A3 /* SDWebImageManager.m */,
				B994BE101BC75CBB00DD44A3 /* SDWebImageOperation.h */,
				B994BE111BC75CBB00DD44A3 /* SDWebImagePrefetcher.h */,
				B994BE121BC75CBB00DD44A3 /* SDWebImagePrefetcher.m */,
				B994BE131BC75CBB00DD44A3 /* UIButton+WebCache.h */,
				B994BE141BC75CBB00DD44A3 /* UIButton+WebCache.m */,
				B994BE151BC75CBB00DD44A3 /* UIImage+GIF.h */,
				B994BE161BC75CBB00DD44A3 /* UIImage+GIF.m */,
				B994BE171BC75CBB00DD44A3 /* UIImage+MultiFormat.h */,
				B994BE181BC75CBB00DD44A3 /* UIImage+MultiFormat.m */,
				B994BE191BC75CBB00DD44A3 /* UIImage+WebP.h */,
				B994BE1A1BC75CBB00DD44A3 /* UIImage+WebP.m */,
				B994BE1B1BC75CBB00DD44A3 /* UIImageView+HighlightedWebCache.h */,
				B994BE1C1BC75CBB00DD44A3 /* UIImageView+HighlightedWebCache.m */,
				B994BE1D1BC75CBB00DD44A3 /* UIImageView+WebCache.h */,
				B994BE1E1BC75CBB00DD44A3 /* UIImageView+WebCache.m */,
				B994BE1F1BC75CBB00DD44A3 /* UIView+WebCacheOperation.h */,
				B994BE201BC75CBB00DD44A3 /* UIView+WebCacheOperation.m */,
			);
			path = SDWebImage;
			sourceTree = "<group>";
		};
		B994BE401BC7BB8400DD44A3 /* Controller */ = {
			isa = PBXGroup;
			children = (
				B994BE411BC7BB8400DD44A3 /* CinemaController.h */,
				B994BE421BC7BB8400DD44A3 /* CinemaController.m */,
			);
			path = Controller;
			sourceTree = "<group>";
		};
		B994BE431BC7BB8400DD44A3 /* Model */ = {
			isa = PBXGroup;
			children = (
				B994BE461BC7BBA600DD44A3 /* RequsetCinema.h */,
				B994BE471BC7BBA600DD44A3 /* RequsetCinema.m */,
				B994BE491BC7BBB200DD44A3 /* CinemaData.h */,
				B994BE4A1BC7BBB200DD44A3 /* CinemaData.m */,
				B994BE571BC7F79100DD44A3 /* DesceiphionData.h */,
				B994BE581BC7F79100DD44A3 /* DesceiphionData.m */,
			);
			path = Model;
			sourceTree = "<group>";
		};
		B994BE441BC7BB8400DD44A3 /* View */ = {
			isa = PBXGroup;
			children = (
				B994BE4F1BC7BD9200DD44A3 /* CinemaCell.h */,
				B994BE501BC7BD9200DD44A3 /* CinemaCell.m */,
				B994BE541BC7F00200DD44A3 /* TitleLabel.h */,
				B994BE551BC7F00200DD44A3 /* TitleLabel.m */,
			);
			path = View;
			sourceTree = "<group>";
		};
/* End PBXGroup section */

/* Begin PBXNativeTarget section */
		B985F05F1BC355A700B1E2AF /* HY_XXT */ = {
			isa = PBXNativeTarget;
			buildConfigurationList = B985F0861BC355A700B1E2AF /* Build configuration list for PBXNativeTarget "HY_XXT" */;
			buildPhases = (
				B985F05C1BC355A700B1E2AF /* Sources */,
				B985F05D1BC355A700B1E2AF /* Frameworks */,
				B985F05E1BC355A700B1E2AF /* Resources */,
			);
			buildRules = (
			);
			dependencies = (
			);
			name = HY_XXT;
			productName = HY_XXT;
			productReference = B985F0601BC355A700B1E2AF /* HY_XXT.app */;
			productType = "com.apple.product-type.application";
		};
		B985F07B1BC355A700B1E2AF /* HY_XXTTests */ = {
			isa = PBXNativeTarget;
			buildConfigurationList = B985F0891BC355A700B1E2AF /* Build configuration list for PBXNativeTarget "HY_XXTTests" */;
			buildPhases = (
				B985F0781BC355A700B1E2AF /* Sources */,
				B985F0791BC355A700B1E2AF /* Frameworks */,
				B985F07A1BC355A700B1E2AF /* Resources */,
			);
			buildRules = (
			);
			dependencies = (
				B985F07E1BC355A700B1E2AF /* PBXTargetDependency */,
			);
			name = HY_XXTTests;
			productName = HY_XXTTests;
			productReference = B985F07C1BC355A700B1E2AF /* HY_XXTTests.xctest */;
			productType = "com.apple.product-type.bundle.unit-test";
		};
/* End PBXNativeTarget section */

/* Begin PBXProject section */
		B985F0581BC355A700B1E2AF /* Project object */ = {
			isa = PBXProject;
			attributes = {
				LastUpgradeCheck = 0640;
				ORGANIZATIONNAME = XXT;
				TargetAttributes = {
					B985F05F1BC355A700B1E2AF = {
						CreatedOnToolsVersion = 6.4;
					};
					B985F07B1BC355A700B1E2AF = {
						CreatedOnToolsVersion = 6.4;
						TestTargetID = B985F05F1BC355A700B1E2AF;
					};
				};
			};
			buildConfigurationList = B985F05B1BC355A700B1E2AF /* Build configuration list for PBXProject "HY_XXT" */;
			compatibilityVersion = "Xcode 3.2";
			developmentRegion = English;
			hasScannedForEncodings = 0;
			knownRegions = (
				en,
				Base,
			);
			mainGroup = B985F0571BC355A700B1E2AF;
			productRefGroup = B985F0611BC355A700B1E2AF /* Products */;
			projectDirPath = "";
			projectRoot = "";
			targets = (
				B985F05F1BC355A700B1E2AF /* HY_XXT */,
				B985F07B1BC355A700B1E2AF /* HY_XXTTests */,
			);
		};
/* End PBXProject section */

/* Begin PBXResourcesBuildPhase section */
		B985F05E1BC355A700B1E2AF /* Resources */ = {
			isa = PBXResourcesBuildPhase;
			buildActionMask = 2147483647;
			files = (
				B933DDB01BC6198B00505A8C /* 商圈.xml in Resources */,
				B933DDB41BC6198B00505A8C /* 发现-活动.xml in Resources */,
				B933DDB51BC6198B00505A8C /* 发现-电影.xml in Resources */,
				B933DDB11BC6198B00505A8C /* 城市.xml in Resources */,
				B933DDBB1BC6198B00505A8C /* 购票-排行.xml in Resources */,
				B933DDB61BC6198B00505A8C /* 影效.json in Resources */,
				B933DDBA1BC6198B00505A8C /* 购票-影院.xml in Resources */,
				B933DDDD1BC6198B00505A8C /* ShowMovieCell.xib in Resources */,
				B933DDBC1BC6198B00505A8C /* 购票-热映.xml in Resources */,
				B985F0721BC355A700B1E2AF /* Main.storyboard in Resources */,
				B985F0771BC355A700B1E2AF /* LaunchScreen.xib in Resources */,
				B933DDB31BC6198B00505A8C /* 地铁.xml in Resources */,
				B985F0741BC355A700B1E2AF /* Images.xcassets in Resources */,
				B933DDB21BC6198B00505A8C /* playinfo.json in Resources */,
				B933DDB71BC6198B00505A8C /* 活动-活动.xml in Resources */,
				B933DDB81BC6198B00505A8C /* 活动-轮播.xml in Resources */,
				B933DDBD1BC6198B00505A8C /* 音效.xml in Resources */,
				B933DDB91BC6198B00505A8C /* 购票-即将上映.xml in Resources */,
			);
			runOnlyForDeploymentPostprocessing = 0;
		};
		B985F07A1BC355A700B1E2AF /* Resources */ = {
			isa = PBXResourcesBuildPhase;
			buildActionMask = 2147483647;
			files = (
			);
			runOnlyForDeploymentPostprocessing = 0;
		};
/* End PBXResourcesBuildPhase section */

/* Begin PBXSourcesBuildPhase section */
		B985F05C1BC355A700B1E2AF /* Sources */ = {
			isa = PBXSourcesBuildPhase;
			buildActionMask = 2147483647;
			files = (
				B933DDC51BC6198B00505A8C /* AFURLConnectionOperation.m in Sources */,
				B99F18F01BC69ACC00A38F5E /* ReqShowMoiveData.m in Sources */,
				B933DDC01BC6198B00505A8C /* AFHTTPRequestOperation.m in Sources */,
				B933DDD01BC6198B00505A8C /* HYTabBarButton.m in Sources */,
				B933DDDF1BC6198B00505A8C /* WillMovieViewController.m in Sources */,
				B933DDDC1BC6198B00505A8C /* ShowMovieCell.m in Sources */,
				B99F18EA1BC61BA200A38F5E /* DropAreaData.m in Sources */,
				B933DDD21BC6198B00505A8C /* MoviesViewController.m in Sources */,
				B933DDC31BC6198B00505A8C /* AFNetworkReachabilityManager.m in Sources */,
				B994BE2A1BC75CBB00DD44A3 /* UIButton+WebCache.m in Sources */,
				B933DDC81BC6198B00505A8C /* AFURLSessionManager.m in Sources */,
				B994BE221BC75CBB00DD44A3 /* NSData+ImageContentType.m in Sources */,
				B994BE251BC75CBB00DD44A3 /* SDWebImageDecoder.m in Sources */,
				B994BE561BC7F00200DD44A3 /* TitleLabel.m in Sources */,
				B99F18E41BC61AE100A38F5E /* DropData.m in Sources */,
				B933DDD41BC6198B00505A8C /* MoviesData.m in Sources */,
				B933DDCA1BC6198B00505A8C /* AppDelegate.m in Sources */,
				B933DDCF1BC6198B00505A8C /* HYTabBar.m in Sources */,
				B933DDC61BC6198B00505A8C /* AFURLRequestSerialization.m in Sources */,
				B994BE281BC75CBB00DD44A3 /* SDWebImageManager.m in Sources */,
				B994BE331BC76DB000DD44A3 /* MovieIcon.m in Sources */,
				B933DDAE1BC6198B00505A8C /* ActivityController.m in Sources */,
				B994BE211BC75CBB00DD44A3 /* MKAnnotationView+WebCache.m in Sources */,
				B933DDD31BC6198B00505A8C /* DealsData.m in Sources */,
				B994BE241BC75CBB00DD44A3 /* SDWebImageCompat.m in Sources */,
				B994BE231BC75CBB00DD44A3 /* SDImageCache.m in Sources */,
				B99F18E71BC61B5900A38F5E /* DropCityData.m in Sources */,
				B994BE451BC7BB8400DD44A3 /* CinemaController.m in Sources */,
				B994BE291BC75CBB00DD44A3 /* SDWebImagePrefetcher.m in Sources */,
				B994BE2E1BC75CBB00DD44A3 /* UIImageView+HighlightedWebCache.m in Sources */,
				B933DDC71BC6198B00505A8C /* AFURLResponseSerialization.m in Sources */,
				B933DDCD1BC6198B00505A8C /* main.m in Sources */,
				B994BE2F1BC75CBB00DD44A3 /* UIImageView+WebCache.m in Sources */,
				B994BE3F1BC7AF9600DD44A3 /* StrForDic.m in Sources */,
				B933DDBF1BC6198B00505A8C /* QXBModelTool.m in Sources */,
				B994BE591BC7F79100DD44A3 /* DesceiphionData.m in Sources */,
				B985F06C1BC355A700B1E2AF /* HY_XXT.xcdatamodeld in Sources */,
				B99F18ED1BC61BCA00A38F5E /* DropSubwayData.m in Sources */,
				B99F18F31BC69AE400A38F5E /* ShowMoiveData.m in Sources */,
				B994BE2D1BC75CBB00DD44A3 /* UIImage+WebP.m in Sources */,
				B933DDCC1BC6198B00505A8C /* CityData.m in Sources */,
				B933DDCB1BC6198B00505A8C /* CityController.m in Sources */,
				B994BE361BC76FBC00DD44A3 /* CommonData.m in Sources */,
				B994BE2C1BC75CBB00DD44A3 /* UIImage+MultiFormat.m in Sources */,
				B994BE2B1BC75CBB00DD44A3 /* UIImage+GIF.m in Sources */,
				B994BE4B1BC7BBB200DD44A3 /* CinemaData.m in Sources */,
				B933DDDA1BC6198B00505A8C /* SlideView.m in Sources */,
				B933DDD51BC6198B00505A8C /* DropActionButton.m in Sources */,
				B933DDDE1BC6198B00505A8C /* TopMovieViewController.m in Sources */,
				B933DDD71BC6198B00505A8C /* DropButton.m in Sources */,
				B933DDC11BC6198B00505A8C /* AFHTTPRequestOperationManager.m in Sources */,
				B933DDD81BC6198B00505A8C /* DropDownMenuView.m in Sources */,
				B933DDD61BC6198B00505A8C /* DropActionView.m in Sources */,
				B994BE271BC75CBB00DD44A3 /* SDWebImageDownloaderOperation.m in Sources */,
				B994BE521BC7BD9200DD44A3 /* CinemaCell.m in Sources */,
				B933DDCE1BC6198B00505A8C /* RootViewController.m in Sources */,
				B994BE261BC75CBB00DD44A3 /* SDWebImageDownloader.m in Sources */,
				B933DDC41BC6198B00505A8C /* AFSecurityPolicy.m in Sources */,
				B994BE481BC7BBA600DD44A3 /* RequsetCinema.m in Sources */,
				B933DDD91BC6198B00505A8C /* SlideButton.m in Sources */,
				B933DDDB1BC6198B00505A8C /* ShowmoiveTableViewController.m in Sources */,
				B933DDAF1BC6198B00505A8C /* CalenderController.m in Sources */,
				B933DDBE1BC6198B00505A8C /* AFNReuest.m in Sources */,
				B933DDC91BC6198B00505A8C /* FinderController.m in Sources */,
				B994BE301BC75CBB00DD44A3 /* UIView+WebCacheOperation.m in Sources */,
				B933DDC21BC6198B00505A8C /* AFHTTPSessionManager.m in Sources */,
			);
			runOnlyForDeploymentPostprocessing = 0;
		};
		B985F0781BC355A700B1E2AF /* Sources */ = {
			isa = PBXSourcesBuildPhase;
			buildActionMask = 2147483647;
			files = (
				B985F0831BC355A700B1E2AF /* HY_XXTTests.m in Sources */,
			);
			runOnlyForDeploymentPostprocessing = 0;
		};
/* End PBXSourcesBuildPhase section */

/* Begin PBXTargetDependency section */
		B985F07E1BC355A700B1E2AF /* PBXTargetDependency */ = {
			isa = PBXTargetDependency;
			target = B985F05F1BC355A700B1E2AF /* HY_XXT */;
			targetProxy = B985F07D1BC355A700B1E2AF /* PBXContainerItemProxy */;
		};
/* End PBXTargetDependency section */

/* Begin PBXVariantGroup section */
		B985F0701BC355A700B1E2AF /* Main.storyboard */ = {
			isa = PBXVariantGroup;
			children = (
				B985F0711BC355A700B1E2AF /* Base */,
			);
			name = Main.storyboard;
			sourceTree = "<group>";
		};
		B985F0751BC355A700B1E2AF /* LaunchScreen.xib */ = {
			isa = PBXVariantGroup;
			children = (
				B985F0761BC355A700B1E2AF /* Base */,
			);
			name = LaunchScreen.xib;
			sourceTree = "<group>";
		};
/* End PBXVariantGroup section */

/* Begin XCBuildConfiguration section */
		B985F0841BC355A700B1E2AF /* Debug */ = {
			isa = XCBuildConfiguration;
			buildSettings = {
				ALWAYS_SEARCH_USER_PATHS = NO;
				CLANG_CXX_LANGUAGE_STANDARD = "gnu++0x";
				CLANG_CXX_LIBRARY = "libc++";
				CLANG_ENABLE_MODULES = YES;
				CLANG_ENABLE_OBJC_ARC = YES;
				CLANG_WARN_BOOL_CONVERSION = YES;
				CLANG_WARN_CONSTANT_CONVERSION = YES;
				CLANG_WARN_DIRECT_OBJC_ISA_USAGE = YES_ERROR;
				CLANG_WARN_EMPTY_BODY = YES;
				CLANG_WARN_ENUM_CONVERSION = YES;
				CLANG_WARN_INT_CONVERSION = YES;
				CLANG_WARN_OBJC_ROOT_CLASS = YES_ERROR;
				CLANG_WARN_UNREACHABLE_CODE = YES;
				CLANG_WARN__DUPLICATE_METHOD_MATCH = YES;
				"CODE_SIGN_IDENTITY[sdk=iphoneos*]" = "iPhone Developer";
				COPY_PHASE_STRIP = NO;
				DEBUG_INFORMATION_FORMAT = "dwarf-with-dsym";
				ENABLE_STRICT_OBJC_MSGSEND = YES;
				GCC_C_LANGUAGE_STANDARD = gnu99;
				GCC_DYNAMIC_NO_PIC = NO;
				GCC_NO_COMMON_BLOCKS = YES;
				GCC_OPTIMIZATION_LEVEL = 0;
				GCC_PREPROCESSOR_DEFINITIONS = (
					"DEBUG=1",
					"$(inherited)",
				);
				GCC_SYMBOLS_PRIVATE_EXTERN = NO;
				GCC_WARN_64_TO_32_BIT_CONVERSION = YES;
				GCC_WARN_ABOUT_RETURN_TYPE = YES_ERROR;
				GCC_WARN_UNDECLARED_SELECTOR = YES;
				GCC_WARN_UNINITIALIZED_AUTOS = YES_AGGRESSIVE;
				GCC_WARN_UNUSED_FUNCTION = YES;
				GCC_WARN_UNUSED_VARIABLE = YES;
				IPHONEOS_DEPLOYMENT_TARGET = 8.4;
				MTL_ENABLE_DEBUG_INFO = YES;
				ONLY_ACTIVE_ARCH = YES;
				SDKROOT = iphoneos;
				TARGETED_DEVICE_FAMILY = "1,2";
			};
			name = Debug;
		};
		B985F0851BC355A700B1E2AF /* Release */ = {
			isa = XCBuildConfiguration;
			buildSettings = {
				ALWAYS_SEARCH_USER_PATHS = NO;
				CLANG_CXX_LANGUAGE_STANDARD = "gnu++0x";
				CLANG_CXX_LIBRARY = "libc++";
				CLANG_ENABLE_MODULES = YES;
				CLANG_ENABLE_OBJC_ARC = YES;
				CLANG_WARN_BOOL_CONVERSION = YES;
				CLANG_WARN_CONSTANT_CONVERSION = YES;
				CLANG_WARN_DIRECT_OBJC_ISA_USAGE = YES_ERROR;
				CLANG_WARN_EMPTY_BODY = YES;
				CLANG_WARN_ENUM_CONVERSION = YES;
				CLANG_WARN_INT_CONVERSION = YES;
				CLANG_WARN_OBJC_ROOT_CLASS = YES_ERROR;
				CLANG_WARN_UNREACHABLE_CODE = YES;
				CLANG_WARN__DUPLICATE_METHOD_MATCH = YES;
				"CODE_SIGN_IDENTITY[sdk=iphoneos*]" = "iPhone Developer";
				COPY_PHASE_STRIP = NO;
				DEBUG_INFORMATION_FORMAT = "dwarf-with-dsym";
				ENABLE_NS_ASSERTIONS = NO;
				ENABLE_STRICT_OBJC_MSGSEND = YES;
				GCC_C_LANGUAGE_STANDARD = gnu99;
				GCC_NO_COMMON_BLOCKS = YES;
				GCC_WARN_64_TO_32_BIT_CONVERSION = YES;
				GCC_WARN_ABOUT_RETURN_TYPE = YES_ERROR;
				GCC_WARN_UNDECLARED_SELECTOR = YES;
				GCC_WARN_UNINITIALIZED_AUTOS = YES_AGGRESSIVE;
				GCC_WARN_UNUSED_FUNCTION = YES;
				GCC_WARN_UNUSED_VARIABLE = YES;
				IPHONEOS_DEPLOYMENT_TARGET = 8.4;
				MTL_ENABLE_DEBUG_INFO = NO;
				SDKROOT = iphoneos;
				TARGETED_DEVICE_FAMILY = "1,2";
				VALIDATE_PRODUCT = YES;
			};
			name = Release;
		};
		B985F0871BC355A700B1E2AF /* Debug */ = {
			isa = XCBuildConfiguration;
			buildSettings = {
				ASSETCATALOG_COMPILER_APPICON_NAME = AppIcon;
				GCC_PREFIX_HEADER = "/Users/lanou3g/Documents/XXT_IOS/项目/HY_XXT/HY_XXT/Classes/HYPrefixHeader.pch";
				HEADER_SEARCH_PATHS = (
					"$(inherited)",
					"/Applications/Xcode6.4.app/Contents/Developer/Platforms/iPhoneOS.platform/Developer/SDKs/iPhoneOS.sdk//usr/include/libxml2",
					/Applications/Xcode6.4.app/Contents/Developer/Toolchains/XcodeDefault.xctoolchain/usr/include,
				);
				INFOPLIST_FILE = HY_XXT/Info.plist;
				IPHONEOS_DEPLOYMENT_TARGET = 8.4;
				LD_RUNPATH_SEARCH_PATHS = "$(inherited) @executable_path/Frameworks";
				OTHER_LDFLAGS = "-lxml2";
				PRODUCT_NAME = "$(TARGET_NAME)";
			};
			name = Debug;
		};
		B985F0881BC355A700B1E2AF /* Release */ = {
			isa = XCBuildConfiguration;
			buildSettings = {
				ASSETCATALOG_COMPILER_APPICON_NAME = AppIcon;
				GCC_PREFIX_HEADER = "/Users/lanou3g/Documents/XXT_IOS/项目/HY_XXT/HY_XXT/Classes/HYPrefixHeader.pch";
				HEADER_SEARCH_PATHS = (
					"$(inherited)",
					"/Applications/Xcode6.4.app/Contents/Developer/Platforms/iPhoneOS.platform/Developer/SDKs/iPhoneOS.sdk//usr/include/libxml2",
					/Applications/Xcode6.4.app/Contents/Developer/Toolchains/XcodeDefault.xctoolchain/usr/include,
				);
				INFOPLIST_FILE = HY_XXT/Info.plist;
				IPHONEOS_DEPLOYMENT_TARGET = 8.4;
				LD_RUNPATH_SEARCH_PATHS = "$(inherited) @executable_path/Frameworks";
				OTHER_LDFLAGS = "-lxml2";
				PRODUCT_NAME = "$(TARGET_NAME)";
			};
			name = Release;
		};
		B985F08A1BC355A700B1E2AF /* Debug */ = {
			isa = XCBuildConfiguration;
			buildSettings = {
				BUNDLE_LOADER = "$(TEST_HOST)";
				FRAMEWORK_SEARCH_PATHS = (
					"$(SDKROOT)/Developer/Library/Frameworks",
					"$(inherited)",
				);
				GCC_PREPROCESSOR_DEFINITIONS = (
					"DEBUG=1",
					"$(inherited)",
				);
				INFOPLIST_FILE = HY_XXTTests/Info.plist;
				LD_RUNPATH_SEARCH_PATHS = "$(inherited) @executable_path/Frameworks @loader_path/Frameworks";
				PRODUCT_NAME = "$(TARGET_NAME)";
				TEST_HOST = "$(BUILT_PRODUCTS_DIR)/HY_XXT.app/HY_XXT";
			};
			name = Debug;
		};
		B985F08B1BC355A700B1E2AF /* Release */ = {
			isa = XCBuildConfiguration;
			buildSettings = {
				BUNDLE_LOADER = "$(TEST_HOST)";
				FRAMEWORK_SEARCH_PATHS = (
					"$(SDKROOT)/Developer/Library/Frameworks",
					"$(inherited)",
				);
				INFOPLIST_FILE = HY_XXTTests/Info.plist;
				LD_RUNPATH_SEARCH_PATHS = "$(inherited) @executable_path/Frameworks @loader_path/Frameworks";
				PRODUCT_NAME = "$(TARGET_NAME)";
				TEST_HOST = "$(BUILT_PRODUCTS_DIR)/HY_XXT.app/HY_XXT";
			};
			name = Release;
		};
/* End XCBuildConfiguration section */

/* Begin XCConfigurationList section */
		B985F05B1BC355A700B1E2AF /* Build configuration list for PBXProject "HY_XXT" */ = {
			isa = XCConfigurationList;
			buildConfigurations = (
				B985F0841BC355A700B1E2AF /* Debug */,
				B985F0851BC355A700B1E2AF /* Release */,
			);
			defaultConfigurationIsVisible = 0;
			defaultConfigurationName = Release;
		};
		B985F0861BC355A700B1E2AF /* Build configuration list for PBXNativeTarget "HY_XXT" */ = {
			isa = XCConfigurationList;
			buildConfigurations = (
				B985F0871BC355A700B1E2AF /* Debug */,
				B985F0881BC355A700B1E2AF /* Release */,
			);
			defaultConfigurationIsVisible = 0;
			defaultConfigurationName = Release;
		};
		B985F0891BC355A700B1E2AF /* Build configuration list for PBXNativeTarget "HY_XXTTests" */ = {
			isa = XCConfigurationList;
			buildConfigurations = (
				B985F08A1BC355A700B1E2AF /* Debug */,
				B985F08B1BC355A700B1E2AF /* Release */,
			);
			defaultConfigurationIsVisible = 0;
			defaultConfigurationName = Release;
		};
/* End XCConfigurationList section */

/* Begin XCVersionGroup section */
		B985F06A1BC355A700B1E2AF /* HY_XXT.xcdatamodeld */ = {
			isa = XCVersionGroup;
			children = (
				B985F06B1BC355A700B1E2AF /* HY_XXT.xcdatamodel */,
			);
			currentVersion = B985F06B1BC355A700B1E2AF /* HY_XXT.xcdatamodel */;
			path = HY_XXT.xcdatamodeld;
			sourceTree = "<group>";
			versionGroupType = wrapper.xcdatamodel;
		};
/* End XCVersionGroup section */
	};
	rootObject = B985F0581BC355A700B1E2AF /* Project object */;
}
